<?xml version="1.0" encoding="utf-8"?>
<Project ToolsVersion="4.0" xmlns="http://schemas.microsoft.com/developer/msbuild/2003">
  <ItemGroup>
    <Filter Include="Source Files">
      <UniqueIdentifier>{4FC737F1-C7A5-4376-A086-2A32D752A2FF}</UniqueIdentifier>
      <Extensions>cpp;c;cxx;def;odl;idl;hpj;bat;asm;asmx</Extensions>
    </Filter>
    <Filter Include="Header Files">
      <UniqueIdentifier>{93995380-89BD-4b04-89EB-625FBE52EBFB}</UniqueIdentifier>
      <Extensions>h;hpp;hxx;hm;inl;inc;xsd</Extensions>
    </Filter>
  </ItemGroup>
  <ItemGroup>
    <ClCompile Include="ADatabase_ODBC.cpp">
      <Filter>Source Files</Filter>
    </ClCompile>
    <ClCompile Include="AODBCServer.cpp">
      <Filter>Source Files</Filter>
    </ClCompile>
    <ClCompile Include="pchADatabase_ODBC.cpp">
      <Filter>Source Files</Filter>
    </ClCompile>
  </ItemGroup>
  <ItemGroup>
    <ClInclude Include="AODBCServer.hpp">
      <Filter>Header Files</Filter>
    </ClInclude>
    <ClInclude Include="apiADatabase_ODBC.hpp">
      <Filter>Header Files</Filter>
    </ClInclude>
    <ClInclude Include="pchADatabase_ODBC.hpp">
      <Filter>Header Files</Filter>
    </ClInclude>
  </ItemGroup>
</Project>