Microsoft Visual Studio Solution File, Format Version 10.00
# Visual Studio 2008
Project("{8BC9CEB8-8B4A-11D0-8D11-00A0C91BC942}") = "ConsoleImpl", "ConsoleImpl\ConsoleImpl.vcproj", "{94A3A498-8637-4888-9213-4AC1647586F2}"
	ProjectSection(ProjectDependencies) = postProject
		{A7384BC9-F875-4EB3-BF09-3581C16291BA} = {A7384BC9-F875-4EB3-BF09-3581C16291BA}
		{5F6550FC-321B-47A4-B2BA-B04506110ED0} = {5F6550FC-321B-47A4-B2BA-B04506110ED0}
		{1AEE01DF-B02A-4B19-8A4D-256157FE0320} = {1AEE01DF-B02A-4B19-8A4D-256157FE0320}
		{C52D1DD3-8B8C-4D34-8BE2-3102F67693CC} = {C52D1DD3-8B8C-4D34-8BE2-3102F67693CC}
		{7EE872D0-F0BD-43EE-9B44-A0FA67C8E2B2} = {7EE872D0-F0BD-43EE-9B44-A0FA67C8E2B2}
		{7EE872D0-F0BD-43EE-9B44-A0FA67C8E2B2} = {7EE872D0-F0BD-43EE-9B44-A0FA67C8E2B2}
		{3EA5C18C-14B0-48B4-B69F-F95013B13D01} = {3EA5C18C-14B0-48B4-B69F-F95013B13D01}
		{3EA5C18C-14B0-48B4-B69F-F95013B13D01} = {3EA5C18C-14B0-48B4-B69F-F95013B13D01}
		{3EA5C18C-14B0-48B4-B69F-F95013B13D01} = {3EA5C18C-14B0-48B4-B69F-F95013B13D01}
		{3EA5C18C-14B0-48B4-B69F-F95013B13D01} = {3EA5C18C-14B0-48B4-B69F-F95013B13D01}
		{3EA5C18C-14B0-48B4-B69F-F95013B13D01} = {3EA5C18C-14B0-48B4-B69F-F95013B13D01}
		{3EA5C18C-14B0-48B4-B69F-F95013B13D01} = {3EA5C18C-14B0-48B4-B69F-F95013B13D01}
		{3EA5C18C-14B0-48B4-B69F-F95013B13D01} = {3EA5C18C-14B0-48B4-B69F-F95013B13D01}
		{3EA5C18C-14B0-48B4-B69F-F95013B13D01} = {3EA5C18C-14B0-48B4-B69F-F95013B13D01}
		{3EA5C18C-14B0-48B4-B69F-F95013B13D01} = {3EA5C18C-14B0-48B4-B69F-F95013B13D01}
		{3EA5C18C-14B0-48B4-B69F-F95013B13D01} = {3EA5C18C-14B0-48B4-B69F-F95013B13D01}
		{3EA5C18C-14B0-48B4-B69F-F95013B13D01} = {3EA5C18C-14B0-48B4-B69F-F95013B13D01}
		{3EA5C18C-14B0-48B4-B69F-F95013B13D01} = {3EA5C18C-14B0-48B4-B69F-F95013B13D01}
		{3EA5C18C-14B0-48B4-B69F-F95013B13D01} = {3EA5C18C-14B0-48B4-B69F-F95013B13D01}
		{3EA5C18C-14B0-48B4-B69F-F95013B13D01} = {3EA5C18C-14B0-48B4-B69F-F95013B13D01}
		{3EA5C18C-14B0-48B4-B69F-F95013B13D01} = {3EA5C18C-14B0-48B4-B69F-F95013B13D01}
		{3EA5C18C-14B0-48B4-B69F-F95013B13D01} = {3EA5C18C-14B0-48B4-B69F-F95013B13D01}
		{3EA5C18C-14B0-48B4-B69F-F95013B13D01} = {3EA5C18C-14B0-48B4-B69F-F95013B13D01}
		{3EA5C18C-14B0-48B4-B69F-F95013B13D01} = {3EA5C18C-14B0-48B4-B69F-F95013B13D01}
		{3EA5C18C-14B0-48B4-B69F-F95013B13D01} = {3EA5C18C-14B0-48B4-B69F-F95013B13D01}
		{24EB3586-7540-4F48-99DA-C32B1E9CEE81} = {24EB3586-7540-4F48-99DA-C32B1E9CEE81}
		{51014D84-264F-4D99-9576-46951CD447CD} = {51014D84-264F-4D99-9576-46951CD447CD}
		{B55BFB72-D69C-4040-90E1-155954BD06C3} = {B55BFB72-D69C-4040-90E1-155954BD06C3}
	EndProjectSection
EndProject
Project("{8BC9CEB8-8B4A-11D0-8D11-00A0C91BC942}") = "ABase", "..\ALibrary\ABase\ABase.vcproj", "{1AEE01DF-B02A-4B19-8A4D-256157FE0320}"
EndProject
Project("{8BC9CEB8-8B4A-11D0-8D11-00A0C91BC942}") = "AZlib", "AZlib\AZlib.vcproj", "{7EE872D0-F0BD-43EE-9B44-A0FA67C8E2B2}"
	ProjectSection(ProjectDependencies) = postProject
		{1AEE01DF-B02A-4B19-8A4D-256157FE0320} = {1AEE01DF-B02A-4B19-8A4D-256157FE0320}
	EndProjectSection
EndProject
Project("{8BC9CEB8-8B4A-11D0-8D11-00A0C91BC942}") = "ADatabase_ODBC", "ADatabase_ODBC\ADatabase_ODBC.vcproj", "{3EA5C18C-14B0-48B4-B69F-F95013B13D01}"
	ProjectSection(ProjectDependencies) = postProject
		{1AEE01DF-B02A-4B19-8A4D-256157FE0320} = {1AEE01DF-B02A-4B19-8A4D-256157FE0320}
	EndProjectSection
EndProject
Project("{8BC9CEB8-8B4A-11D0-8D11-00A0C91BC942}") = "ADatabase_SQLite", "ADatabase_SQLite\ADatabase_SQLite.vcproj", "{B55BFB72-D69C-4040-90E1-155954BD06C3}"
	ProjectSection(ProjectDependencies) = postProject
		{1AEE01DF-B02A-4B19-8A4D-256157FE0320} = {1AEE01DF-B02A-4B19-8A4D-256157FE0320}
	EndProjectSection
EndProject
Project("{8BC9CEB8-8B4A-11D0-8D11-00A0C91BC942}") = "ADatabase_MySQL", "ADatabase_MySQL\ADatabase_MySQL.vcproj", "{51014D84-264F-4D99-9576-46951CD447CD}"
	ProjectSection(ProjectDependencies) = postProject
		{1AEE01DF-B02A-4B19-8A4D-256157FE0320} = {1AEE01DF-B02A-4B19-8A4D-256157FE0320}
	EndProjectSection
EndProject
Project("{8BC9CEB8-8B4A-11D0-8D11-00A0C91BC942}") = "Console", "..\ALibrary\Console\Console.vcproj", "{F438D5AA-6868-4BC8-9972-252AD0D09524}"
	ProjectSection(ProjectDependencies) = postProject
		{1AEE01DF-B02A-4B19-8A4D-256157FE0320} = {1AEE01DF-B02A-4B19-8A4D-256157FE0320}
	EndProjectSection
EndProject
Project("{8BC9CEB8-8B4A-11D0-8D11-00A0C91BC942}") = "UnitTests", "..\ALibrary\UnitTests\UnitTests.vcproj", "{C52D1DD3-8B8C-4D34-8BE2-3102F67693CC}"
	ProjectSection(ProjectDependencies) = postProject
		{1AEE01DF-B02A-4B19-8A4D-256157FE0320} = {1AEE01DF-B02A-4B19-8A4D-256157FE0320}
	EndProjectSection
EndProject
Project("{8BC9CEB8-8B4A-11D0-8D11-00A0C91BC942}") = "ACrypto", "ACrypto\ACrypto.vcproj", "{24EB3586-7540-4F48-99DA-C32B1E9CEE81}"
	ProjectSection(ProjectDependencies) = postProject
		{1AEE01DF-B02A-4B19-8A4D-256157FE0320} = {1AEE01DF-B02A-4B19-8A4D-256157FE0320}
	EndProjectSection
EndProject
Project("{8BC9CEB8-8B4A-11D0-8D11-00A0C91BC942}") = "AGdLib", "AGdLib\AGdLib.vcproj", "{5F6550FC-321B-47A4-B2BA-B04506110ED0}"
	ProjectSection(ProjectDependencies) = postProject
		{1AEE01DF-B02A-4B19-8A4D-256157FE0320} = {1AEE01DF-B02A-4B19-8A4D-256157FE0320}
	EndProjectSection
EndProject
Project("{8BC9CEB8-8B4A-11D0-8D11-00A0C91BC942}") = "ALuaEmbed", "ALuaEmbed\ALuaEmbed.vcproj", "{A7384BC9-F875-4EB3-BF09-3581C16291BA}"
	ProjectSection(ProjectDependencies) = postProject
		{1AEE01DF-B02A-4B19-8A4D-256157FE0320} = {1AEE01DF-B02A-4B19-8A4D-256157FE0320}
	EndProjectSection
EndProject
Global
	GlobalSection(SolutionConfigurationPlatforms) = preSolution
		Debug|Win32 = Debug|Win32
		Debug|x64 = Debug|x64
		Release|Win32 = Release|Win32
		Release|x64 = Release|x64
	EndGlobalSection
	GlobalSection(ProjectConfigurationPlatforms) = postSolution
		{94A3A498-8637-4888-9213-4AC1647586F2}.Debug|Win32.ActiveCfg = Debug|Win32
		{94A3A498-8637-4888-9213-4AC1647586F2}.Debug|Win32.Build.0 = Debug|Win32
		{94A3A498-8637-4888-9213-4AC1647586F2}.Debug|x64.ActiveCfg = Debug|x64
		{94A3A498-8637-4888-9213-4AC1647586F2}.Debug|x64.Build.0 = Debug|x64
		{94A3A498-8637-4888-9213-4AC1647586F2}.Release|Win32.ActiveCfg = Release|Win32
		{94A3A498-8637-4888-9213-4AC1647586F2}.Release|Win32.Build.0 = Release|Win32
		{94A3A498-8637-4888-9213-4AC1647586F2}.Release|x64.ActiveCfg = Release|x64
		{94A3A498-8637-4888-9213-4AC1647586F2}.Release|x64.Build.0 = Release|x64
		{1AEE01DF-B02A-4B19-8A4D-256157FE0320}.Debug|Win32.ActiveCfg = Debug|Win32
		{1AEE01DF-B02A-4B19-8A4D-256157FE0320}.Debug|Win32.Build.0 = Debug|Win32
		{1AEE01DF-B02A-4B19-8A4D-256157FE0320}.Debug|x64.ActiveCfg = Debug|x64
		{1AEE01DF-B02A-4B19-8A4D-256157FE0320}.Debug|x64.Build.0 = Debug|x64
		{1AEE01DF-B02A-4B19-8A4D-256157FE0320}.Release|Win32.ActiveCfg = Release|Win32
		{1AEE01DF-B02A-4B19-8A4D-256157FE0320}.Release|Win32.Build.0 = Release|Win32
		{1AEE01DF-B02A-4B19-8A4D-256157FE0320}.Release|x64.ActiveCfg = Release|x64
		{1AEE01DF-B02A-4B19-8A4D-256157FE0320}.Release|x64.Build.0 = Release|x64
		{7EE872D0-F0BD-43EE-9B44-A0FA67C8E2B2}.Debug|Win32.ActiveCfg = Debug|Win32
		{7EE872D0-F0BD-43EE-9B44-A0FA67C8E2B2}.Debug|Win32.Build.0 = Debug|Win32
		{7EE872D0-F0BD-43EE-9B44-A0FA67C8E2B2}.Debug|x64.ActiveCfg = Debug|x64
		{7EE872D0-F0BD-43EE-9B44-A0FA67C8E2B2}.Debug|x64.Build.0 = Debug|x64
		{7EE872D0-F0BD-43EE-9B44-A0FA67C8E2B2}.Release|Win32.ActiveCfg = Release|Win32
		{7EE872D0-F0BD-43EE-9B44-A0FA67C8E2B2}.Release|Win32.Build.0 = Release|Win32
		{7EE872D0-F0BD-43EE-9B44-A0FA67C8E2B2}.Release|x64.ActiveCfg = Release|x64
		{7EE872D0-F0BD-43EE-9B44-A0FA67C8E2B2}.Release|x64.Build.0 = Release|x64
		{3EA5C18C-14B0-48B4-B69F-F95013B13D01}.Debug|Win32.ActiveCfg = Debug|Win32
		{3EA5C18C-14B0-48B4-B69F-F95013B13D01}.Debug|Win32.Build.0 = Debug|Win32
		{3EA5C18C-14B0-48B4-B69F-F95013B13D01}.Debug|x64.ActiveCfg = Debug|x64
		{3EA5C18C-14B0-48B4-B69F-F95013B13D01}.Debug|x64.Build.0 = Debug|x64
		{3EA5C18C-14B0-48B4-B69F-F95013B13D01}.Release|Win32.ActiveCfg = Release|Win32
		{3EA5C18C-14B0-48B4-B69F-F95013B13D01}.Release|Win32.Build.0 = Release|Win32
		{3EA5C18C-14B0-48B4-B69F-F95013B13D01}.Release|x64.ActiveCfg = Release|x64
		{3EA5C18C-14B0-48B4-B69F-F95013B13D01}.Release|x64.Build.0 = Release|x64
		{B55BFB72-D69C-4040-90E1-155954BD06C3}.Debug|Win32.ActiveCfg = Debug|Win32
		{B55BFB72-D69C-4040-90E1-155954BD06C3}.Debug|Win32.Build.0 = Debug|Win32
		{B55BFB72-D69C-4040-90E1-155954BD06C3}.Debug|x64.ActiveCfg = Debug|x64
		{B55BFB72-D69C-4040-90E1-155954BD06C3}.Debug|x64.Build.0 = Debug|x64
		{B55BFB72-D69C-4040-90E1-155954BD06C3}.Release|Win32.ActiveCfg = Release|Win32
		{B55BFB72-D69C-4040-90E1-155954BD06C3}.Release|Win32.Build.0 = Release|Win32
		{B55BFB72-D69C-4040-90E1-155954BD06C3}.Release|x64.ActiveCfg = Release|x64
		{B55BFB72-D69C-4040-90E1-155954BD06C3}.Release|x64.Build.0 = Release|x64
		{51014D84-264F-4D99-9576-46951CD447CD}.Debug|Win32.ActiveCfg = Debug|Win32
		{51014D84-264F-4D99-9576-46951CD447CD}.Debug|Win32.Build.0 = Debug|Win32
		{51014D84-264F-4D99-9576-46951CD447CD}.Debug|x64.ActiveCfg = Debug|x64
		{51014D84-264F-4D99-9576-46951CD447CD}.Debug|x64.Build.0 = Debug|x64
		{51014D84-264F-4D99-9576-46951CD447CD}.Release|Win32.ActiveCfg = Release|Win32
		{51014D84-264F-4D99-9576-46951CD447CD}.Release|Win32.Build.0 = Release|Win32
		{51014D84-264F-4D99-9576-46951CD447CD}.Release|x64.ActiveCfg = Release|x64
		{51014D84-264F-4D99-9576-46951CD447CD}.Release|x64.Build.0 = Release|x64
		{F438D5AA-6868-4BC8-9972-252AD0D09524}.Debug|Win32.ActiveCfg = Debug|Win32
		{F438D5AA-6868-4BC8-9972-252AD0D09524}.Debug|Win32.Build.0 = Debug|Win32
		{F438D5AA-6868-4BC8-9972-252AD0D09524}.Debug|x64.ActiveCfg = Debug|x64
		{F438D5AA-6868-4BC8-9972-252AD0D09524}.Debug|x64.Build.0 = Debug|x64
		{F438D5AA-6868-4BC8-9972-252AD0D09524}.Release|Win32.ActiveCfg = Release|Win32
		{F438D5AA-6868-4BC8-9972-252AD0D09524}.Release|Win32.Build.0 = Release|Win32
		{F438D5AA-6868-4BC8-9972-252AD0D09524}.Release|x64.ActiveCfg = Release|x64
		{F438D5AA-6868-4BC8-9972-252AD0D09524}.Release|x64.Build.0 = Release|x64
		{C52D1DD3-8B8C-4D34-8BE2-3102F67693CC}.Debug|Win32.ActiveCfg = Debug|Win32
		{C52D1DD3-8B8C-4D34-8BE2-3102F67693CC}.Debug|Win32.Build.0 = Debug|Win32
		{C52D1DD3-8B8C-4D34-8BE2-3102F67693CC}.Debug|x64.ActiveCfg = Debug|x64
		{C52D1DD3-8B8C-4D34-8BE2-3102F67693CC}.Debug|x64.Build.0 = Debug|x64
		{C52D1DD3-8B8C-4D34-8BE2-3102F67693CC}.Release|Win32.ActiveCfg = Release|Win32
		{C52D1DD3-8B8C-4D34-8BE2-3102F67693CC}.Release|Win32.Build.0 = Release|Win32
		{C52D1DD3-8B8C-4D34-8BE2-3102F67693CC}.Release|x64.ActiveCfg = Release|x64
		{C52D1DD3-8B8C-4D34-8BE2-3102F67693CC}.Release|x64.Build.0 = Release|x64
		{24EB3586-7540-4F48-99DA-C32B1E9CEE81}.Debug|Win32.ActiveCfg = Debug|Win32
		{24EB3586-7540-4F48-99DA-C32B1E9CEE81}.Debug|Win32.Build.0 = Debug|Win32
		{24EB3586-7540-4F48-99DA-C32B1E9CEE81}.Debug|x64.ActiveCfg = Debug|x64
		{24EB3586-7540-4F48-99DA-C32B1E9CEE81}.Debug|x64.Build.0 = Debug|x64
		{24EB3586-7540-4F48-99DA-C32B1E9CEE81}.Release|Win32.ActiveCfg = Release|Win32
		{24EB3586-7540-4F48-99DA-C32B1E9CEE81}.Release|Win32.Build.0 = Release|Win32
		{24EB3586-7540-4F48-99DA-C32B1E9CEE81}.Release|x64.ActiveCfg = Release|x64
		{24EB3586-7540-4F48-99DA-C32B1E9CEE81}.Release|x64.Build.0 = Release|x64
		{5F6550FC-321B-47A4-B2BA-B04506110ED0}.Debug|Win32.ActiveCfg = Debug|Win32
		{5F6550FC-321B-47A4-B2BA-B04506110ED0}.Debug|Win32.Build.0 = Debug|Win32
		{5F6550FC-321B-47A4-B2BA-B04506110ED0}.Debug|x64.ActiveCfg = Debug|x64
		{5F6550FC-321B-47A4-B2BA-B04506110ED0}.Debug|x64.Build.0 = Debug|x64
		{5F6550FC-321B-47A4-B2BA-B04506110ED0}.Release|Win32.ActiveCfg = Release|Win32
		{5F6550FC-321B-47A4-B2BA-B04506110ED0}.Release|Win32.Build.0 = Release|Win32
		{5F6550FC-321B-47A4-B2BA-B04506110ED0}.Release|x64.ActiveCfg = Release|x64
		{5F6550FC-321B-47A4-B2BA-B04506110ED0}.Release|x64.Build.0 = Release|x64
		{A7384BC9-F875-4EB3-BF09-3581C16291BA}.Debug|Win32.ActiveCfg = Debug|Win32
		{A7384BC9-F875-4EB3-BF09-3581C16291BA}.Debug|Win32.Build.0 = Debug|Win32
		{A7384BC9-F875-4EB3-BF09-3581C16291BA}.Debug|x64.ActiveCfg = Debug|x64
		{A7384BC9-F875-4EB3-BF09-3581C16291BA}.Debug|x64.Build.0 = Debug|x64
		{A7384BC9-F875-4EB3-BF09-3581C16291BA}.Release|Win32.ActiveCfg = Release|Win32
		{A7384BC9-F875-4EB3-BF09-3581C16291BA}.Release|Win32.Build.0 = Release|Win32
		{A7384BC9-F875-4EB3-BF09-3581C16291BA}.Release|x64.ActiveCfg = Release|x64
		{A7384BC9-F875-4EB3-BF09-3581C16291BA}.Release|x64.Build.0 = Release|x64
	EndGlobalSection
	GlobalSection(SolutionProperties) = preSolution
		HideSolutionNode = FALSE
	EndGlobalSection
EndGlobal
