<?xml version="1.0" encoding="utf-8"?>
<Project ToolsVersion="4.0" xmlns="http://schemas.microsoft.com/developer/msbuild/2003">
  <ItemGroup>
    <Filter Include="Source Files">
      <UniqueIdentifier>{84a916f6-eb26-43ed-8502-80777a196e51}</UniqueIdentifier>
      <Extensions>cpp;c;cxx;def;odl;idl;hpj;bat;asm;asmx</Extensions>
    </Filter>
    <Filter Include="Header Files">
      <UniqueIdentifier>{9ee9fbda-4ecd-4bf0-8244-169165a95c63}</UniqueIdentifier>
      <Extensions>h;hpp;hxx;hm;inl;inc;xsd</Extensions>
    </Filter>
  </ItemGroup>
  <ItemGroup>
    <ClCompile Include="AOS_Blog.cpp">
      <Filter>Source Files</Filter>
    </ClCompile>
    <ClCompile Include="AOSModule_BlogView.cpp">
      <Filter>Source Files</Filter>
    </ClCompile>
    <ClCompile Include="pchAOS_Blog.cpp">
      <Filter>Source Files</Filter>
    </ClCompile>
  </ItemGroup>
  <ItemGroup>
    <ClInclude Include="AOSModule_BlogView.hpp">
      <Filter>Header Files</Filter>
    </ClInclude>
    <ClInclude Include="apiAOS_Blog.hpp">
      <Filter>Header Files</Filter>
    </ClInclude>
    <ClInclude Include="pchAOS_Blog.hpp">
      <Filter>Header Files</Filter>
    </ClInclude>
  </ItemGroup>
</Project>