<?xml version="1.0" encoding="utf-8"?>
<Project ToolsVersion="4.0" xmlns="http://schemas.microsoft.com/developer/msbuild/2003">
  <ItemGroup>
    <Filter Include="Source Files">
      <UniqueIdentifier>{4FC737F1-C7A6-4376-A066-2A86D752A2FF}</UniqueIdentifier>
      <Extensions>cpp;c;cxx;def;odl;idl;hpj;bat;asm;asmx</Extensions>
    </Filter>
    <Filter Include="Header Files">
      <UniqueIdentifier>{4FC737F1-C7A6-4376-A066-2A33D762A2FF}</UniqueIdentifier>
      <Extensions>h;hpp;hxx;hm;inl;inc;xsd</Extensions>
    </Filter>
  </ItemGroup>
  <ItemGroup>
    <ClCompile Include="AOS_Wiki.cpp">
      <Filter>Source Files</Filter>
    </ClCompile>
    <ClCompile Include="AOS_Wiki_Constants.cpp">
      <Filter>Source Files</Filter>
    </ClCompile>
    <ClCompile Include="AOSModule_Wiki_Controller.cpp">
      <Filter>Source Files</Filter>
    </ClCompile>
    <ClCompile Include="AOSModule_Wiki_ViewFromDatabase.cpp">
      <Filter>Source Files</Filter>
    </ClCompile>
    <ClCompile Include="AOSModule_Wiki_ViewFromFileSystem.cpp">
      <Filter>Source Files</Filter>
    </ClCompile>
    <ClCompile Include="pchAOS_Wiki.cpp">
      <Filter>Source Files</Filter>
    </ClCompile>
  </ItemGroup>
  <ItemGroup>
    <ClInclude Include="AOS_Wiki_Constants.hpp">
      <Filter>Header Files</Filter>
    </ClInclude>
    <ClInclude Include="AOSModule_Wiki_Controller.hpp">
      <Filter>Header Files</Filter>
    </ClInclude>
    <ClInclude Include="AOSModule_Wiki_ViewFromDatabase.hpp">
      <Filter>Header Files</Filter>
    </ClInclude>
    <ClInclude Include="AOSModule_Wiki_ViewFromFileSystem.hpp">
      <Filter>Header Files</Filter>
    </ClInclude>
    <ClInclude Include="apiAOS_Wiki.hpp">
      <Filter>Header Files</Filter>
    </ClInclude>
    <ClInclude Include="pchAOS_Wiki.hpp">
      <Filter>Header Files</Filter>
    </ClInclude>
  </ItemGroup>
</Project>