Microsoft Visual Studio Solution File, Format Version 9.00
# Visual C++ Express 2005
Project("{8BC9CEB8-8B4A-11D0-8D11-00A0C91BC942}") = "AOS_BaseModules", "AOS_BaseModules\AOS_BaseModules.vcproj", "{ABAA6EBD-BBAD-4BD4-95DB-89DCB2717CE1}"
	ProjectSection(ProjectDependencies) = postProject
		{C52D1DD3-8B8C-4D34-8BE2-3102F67693CC} = {C52D1DD3-8B8C-4D34-8BE2-3102F67693CC}
		{5D653A10-2A01-4DAD-AB60-59294DF36DF2} = {5D653A10-2A01-4DAD-AB60-59294DF36DF2}
	EndProjectSection
	ProjectSection(WebsiteProperties) = preProject
		Debug.AspNetCompiler.Debug = "True"
		Release.AspNetCompiler.Debug = "False"
	EndProjectSection
EndProject
Project("{8BC9CEB8-8B4A-11D0-8D11-00A0C91BC942}") = "AOS_Base", "AOS_Base\AOS_Base.vcproj", "{5D653A10-2A01-4DAD-AB60-59294DF36DF2}"
	ProjectSection(ProjectDependencies) = postProject
		{5F6550FC-321B-47A4-B2BA-B04506110ED0} = {5F6550FC-321B-47A4-B2BA-B04506110ED0}
		{1AEE01DF-B02A-4B19-8A4D-256157FE0320} = {1AEE01DF-B02A-4B19-8A4D-256157FE0320}
		{C52D1DD3-8B8C-4D34-8BE2-3102F67693CC} = {C52D1DD3-8B8C-4D34-8BE2-3102F67693CC}
		{7EE872D0-F0BD-43EE-9B44-A0FA67C8E2B2} = {7EE872D0-F0BD-43EE-9B44-A0FA67C8E2B2}
		{3EA5C18C-14B0-48B4-B69F-F95013B13D01} = {3EA5C18C-14B0-48B4-B69F-F95013B13D01}
		{24EB3586-7540-4F48-99DA-C32B1E9CEE81} = {24EB3586-7540-4F48-99DA-C32B1E9CEE81}
		{51014D84-264F-4D99-9576-46951CD447CD} = {51014D84-264F-4D99-9576-46951CD447CD}
		{B55BFB72-D69C-4040-90E1-155954BD06C3} = {B55BFB72-D69C-4040-90E1-155954BD06C3}
		{A3E35D72-8769-4C4F-8226-E51AE8F97D83} = {A3E35D72-8769-4C4F-8226-E51AE8F97D83}
		{8D95113B-820C-479C-80A6-FE09F2FA119D} = {8D95113B-820C-479C-80A6-FE09F2FA119D}
		{EE2F4415-0940-4203-98B4-4C12EC827D05} = {EE2F4415-0940-4203-98B4-4C12EC827D05}
	EndProjectSection
	ProjectSection(WebsiteProperties) = preProject
		Debug.AspNetCompiler.Debug = "True"
		Release.AspNetCompiler.Debug = "False"
	EndProjectSection
EndProject
Project("{8BC9CEB8-8B4A-11D0-8D11-00A0C91BC942}") = "AOSWatchDog", "AOSWatchDog\AOSWatchDog.vcproj", "{A3E35D72-8769-4C4F-8226-E51AE8F97D83}"
	ProjectSection(ProjectDependencies) = postProject
		{1AEE01DF-B02A-4B19-8A4D-256157FE0320} = {1AEE01DF-B02A-4B19-8A4D-256157FE0320}
	EndProjectSection
	ProjectSection(WebsiteProperties) = preProject
		Debug.AspNetCompiler.Debug = "True"
		Release.AspNetCompiler.Debug = "False"
	EndProjectSection
EndProject
Project("{8BC9CEB8-8B4A-11D0-8D11-00A0C91BC942}") = "AObjectServer", "AObjectServer\AObjectServer.vcproj", "{AA8153A0-3581-4865-B0FE-A7D5267A7950}"
	ProjectSection(ProjectDependencies) = postProject
		{5F6550FC-321B-47A4-B2BA-B04506110ED0} = {5F6550FC-321B-47A4-B2BA-B04506110ED0}
		{70DDCCEA-2422-4695-95F1-8D6FDE99B65A} = {70DDCCEA-2422-4695-95F1-8D6FDE99B65A}
		{54A8BBE0-166E-45BE-88BC-CD944D361101} = {54A8BBE0-166E-45BE-88BC-CD944D361101}
		{1AEE01DF-B02A-4B19-8A4D-256157FE0320} = {1AEE01DF-B02A-4B19-8A4D-256157FE0320}
		{C52D1DD3-8B8C-4D34-8BE2-3102F67693CC} = {C52D1DD3-8B8C-4D34-8BE2-3102F67693CC}
		{7EE872D0-F0BD-43EE-9B44-A0FA67C8E2B2} = {7EE872D0-F0BD-43EE-9B44-A0FA67C8E2B2}
		{A7384BC9-F875-4EB3-BF09-3581C16291BA} = {A7384BC9-F875-4EB3-BF09-3581C16291BA}
		{ABAA6EBD-BBAD-4BD4-95DB-89DCB2717CE1} = {ABAA6EBD-BBAD-4BD4-95DB-89DCB2717CE1}
		{3EA5C18C-14B0-48B4-B69F-F95013B13D01} = {3EA5C18C-14B0-48B4-B69F-F95013B13D01}
		{24EB3586-7540-4F48-99DA-C32B1E9CEE81} = {24EB3586-7540-4F48-99DA-C32B1E9CEE81}
		{51014D84-264F-4D99-9576-46951CD447CD} = {51014D84-264F-4D99-9576-46951CD447CD}
		{B55BFB72-D69C-4040-90E1-155954BD06C3} = {B55BFB72-D69C-4040-90E1-155954BD06C3}
		{A3E35D72-8769-4C4F-8226-E51AE8F97D83} = {A3E35D72-8769-4C4F-8226-E51AE8F97D83}
		{9BE5103D-CE8E-4B0E-8BD8-1362DB9A53ED} = {9BE5103D-CE8E-4B0E-8BD8-1362DB9A53ED}
		{8D95113B-820C-479C-80A6-FE09F2FA119D} = {8D95113B-820C-479C-80A6-FE09F2FA119D}
		{FD41C027-8722-424B-9152-43001DE1CBF0} = {FD41C027-8722-424B-9152-43001DE1CBF0}
		{EE2F4415-0940-4203-98B4-4C12EC827D05} = {EE2F4415-0940-4203-98B4-4C12EC827D05}
		{5D653A10-2A01-4DAD-AB60-59294DF36DF2} = {5D653A10-2A01-4DAD-AB60-59294DF36DF2}
		{96B19A0C-3D35-4589-B46F-6E0A68A33C7F} = {96B19A0C-3D35-4589-B46F-6E0A68A33C7F}
		{96B19A0C-3D35-4589-B46F-6E0A68A33C7F} = {96B19A0C-3D35-4589-B46F-6E0A68A33C7F}
		{96B19A0C-3D35-4589-B46F-6E0A68A33C7F} = {96B19A0C-3D35-4589-B46F-6E0A68A33C7F}
		{96B19A0C-3D35-4589-B46F-6E0A68A33C7F} = {96B19A0C-3D35-4589-B46F-6E0A68A33C7F}
		{96B19A0C-3D35-4589-B46F-6E0A68A33C7F} = {96B19A0C-3D35-4589-B46F-6E0A68A33C7F}
		{96B19A0C-3D35-4589-B46F-6E0A68A33C7F} = {96B19A0C-3D35-4589-B46F-6E0A68A33C7F}
		{96B19A0C-3D35-4589-B46F-6E0A68A33C7F} = {96B19A0C-3D35-4589-B46F-6E0A68A33C7F}
		{96B19A0C-3D35-4589-B46F-6E0A68A33C7F} = {96B19A0C-3D35-4589-B46F-6E0A68A33C7F}
		{96B19A0C-3D35-4589-B46F-6E0A68A33C7F} = {96B19A0C-3D35-4589-B46F-6E0A68A33C7F}
		{96B19A0C-3D35-4589-B46F-6E0A68A33C6E} = {96B19A0C-3D35-4589-B46F-6E0A68A33C6E}
		{91CD0707-B34B-47FA-A295-BA6894D833D2} = {91CD0707-B34B-47FA-A295-BA6894D833D2}
	EndProjectSection
	ProjectSection(WebsiteProperties) = preProject
		Debug.AspNetCompiler.Debug = "True"
		Release.AspNetCompiler.Debug = "False"
	EndProjectSection
EndProject
Project("{8BC9CEB8-8B4A-11D0-8D11-00A0C91BC942}") = "AOS_DadaData", "..\AOS_Modules\AOS_DadaData\AOS_DadaData.vcproj", "{96B19A0C-3D35-4589-B46F-6E0A68A33C6E}"
	ProjectSection(ProjectDependencies) = postProject
		{5D653A10-2A01-4DAD-AB60-59294DF36DF2} = {5D653A10-2A01-4DAD-AB60-59294DF36DF2}
	EndProjectSection
	ProjectSection(WebsiteProperties) = preProject
		Debug.AspNetCompiler.Debug = "True"
		Release.AspNetCompiler.Debug = "False"
	EndProjectSection
EndProject
Project("{8BC9CEB8-8B4A-11D0-8D11-00A0C91BC942}") = "AOS_Forum", "..\AOS_Modules\AOS_Forum\AOS_Forum.vcproj", "{FD41C027-8722-424B-9152-43001DE1CBF0}"
	ProjectSection(ProjectDependencies) = postProject
		{5D653A10-2A01-4DAD-AB60-59294DF36DF2} = {5D653A10-2A01-4DAD-AB60-59294DF36DF2}
	EndProjectSection
	ProjectSection(WebsiteProperties) = preProject
		Debug.AspNetCompiler.Debug = "True"
		Release.AspNetCompiler.Debug = "False"
	EndProjectSection
EndProject
Project("{8BC9CEB8-8B4A-11D0-8D11-00A0C91BC942}") = "AOS_Example", "..\AOS_Modules\AOS_Example\AOS_Example.vcproj", "{96B19A0C-3D35-4589-B46F-6E0A68A33C7F}"
	ProjectSection(ProjectDependencies) = postProject
		{5D653A10-2A01-4DAD-AB60-59294DF36DF2} = {5D653A10-2A01-4DAD-AB60-59294DF36DF2}
	EndProjectSection
	ProjectSection(WebsiteProperties) = preProject
		Debug.AspNetCompiler.Debug = "True"
		Release.AspNetCompiler.Debug = "False"
	EndProjectSection
EndProject
Project("{8BC9CEB8-8B4A-11D0-8D11-00A0C91BC942}") = "AOS_Test", "..\AOS_Modules\AOS_Test\AOS_Test.vcproj", "{9BE5103D-CE8E-4B0E-8BD8-1362DB9A53ED}"
	ProjectSection(ProjectDependencies) = postProject
		{5D653A10-2A01-4DAD-AB60-59294DF36DF2} = {5D653A10-2A01-4DAD-AB60-59294DF36DF2}
	EndProjectSection
	ProjectSection(WebsiteProperties) = preProject
		Debug.AspNetCompiler.Debug = "True"
		Release.AspNetCompiler.Debug = "False"
	EndProjectSection
EndProject
Project("{8BC9CEB8-8B4A-11D0-8D11-00A0C91BC942}") = "AOSTest", "AOSTest\AOSTest.vcproj", "{91CD0707-B34B-47FA-A295-BA6894D833D2}"
	ProjectSection(ProjectDependencies) = postProject
		{C52D1DD3-8B8C-4D34-8BE2-3102F67693CC} = {C52D1DD3-8B8C-4D34-8BE2-3102F67693CC}
		{ABAA6EBD-BBAD-4BD4-95DB-89DCB2717CE1} = {ABAA6EBD-BBAD-4BD4-95DB-89DCB2717CE1}
		{A3E35D72-8769-4C4F-8226-E51AE8F97D83} = {A3E35D72-8769-4C4F-8226-E51AE8F97D83}
		{9BE5103D-CE8E-4B0E-8BD8-1362DB9A53ED} = {9BE5103D-CE8E-4B0E-8BD8-1362DB9A53ED}
		{FD41C027-8722-424B-9152-43001DE1CBF0} = {FD41C027-8722-424B-9152-43001DE1CBF0}
		{5D653A10-2A01-4DAD-AB60-59294DF36DF2} = {5D653A10-2A01-4DAD-AB60-59294DF36DF2}
		{96B19A0C-3D35-4589-B46F-6E0A68A33C7F} = {96B19A0C-3D35-4589-B46F-6E0A68A33C7F}
		{96B19A0C-3D35-4589-B46F-6E0A68A33C6E} = {96B19A0C-3D35-4589-B46F-6E0A68A33C6E}
	EndProjectSection
	ProjectSection(WebsiteProperties) = preProject
		Debug.AspNetCompiler.Debug = "True"
		Release.AspNetCompiler.Debug = "False"
	EndProjectSection
EndProject
Project("{8BC9CEB8-8B4A-11D0-8D11-00A0C91BC942}") = "AOS_Blog", "..\AOS_Modules\AOS_Blog\AOS_Blog.vcproj", "{70DDCCEA-2422-4695-95F1-8D6FDE99B65A}"
	ProjectSection(ProjectDependencies) = postProject
		{5D653A10-2A01-4DAD-AB60-59294DF36DF2} = {5D653A10-2A01-4DAD-AB60-59294DF36DF2}
	EndProjectSection
	ProjectSection(WebsiteProperties) = preProject
		Debug.AspNetCompiler.Debug = "True"
		Release.AspNetCompiler.Debug = "False"
	EndProjectSection
EndProject
Project("{8BC9CEB8-8B4A-11D0-8D11-00A0C91BC942}") = "ABase", "..\ALibrary\ABase\ABase.vcproj", "{1AEE01DF-B02A-4B19-8A4D-256157FE0320}"
	ProjectSection(WebsiteProperties) = preProject
		Debug.AspNetCompiler.Debug = "True"
		Release.AspNetCompiler.Debug = "False"
	EndProjectSection
EndProject
Project("{8BC9CEB8-8B4A-11D0-8D11-00A0C91BC942}") = "ACrypto", "..\ALibraryImpl\ACrypto\ACrypto.vcproj", "{24EB3586-7540-4F48-99DA-C32B1E9CEE81}"
	ProjectSection(ProjectDependencies) = postProject
		{1AEE01DF-B02A-4B19-8A4D-256157FE0320} = {1AEE01DF-B02A-4B19-8A4D-256157FE0320}
	EndProjectSection
	ProjectSection(WebsiteProperties) = preProject
		Debug.AspNetCompiler.Debug = "True"
		Release.AspNetCompiler.Debug = "False"
	EndProjectSection
EndProject
Project("{8BC9CEB8-8B4A-11D0-8D11-00A0C91BC942}") = "ADatabase_MySQL", "..\ALibraryImpl\ADatabase_MySQL\ADatabase_MySQL.vcproj", "{51014D84-264F-4D99-9576-46951CD447CD}"
	ProjectSection(ProjectDependencies) = postProject
		{1AEE01DF-B02A-4B19-8A4D-256157FE0320} = {1AEE01DF-B02A-4B19-8A4D-256157FE0320}
	EndProjectSection
	ProjectSection(WebsiteProperties) = preProject
		Debug.AspNetCompiler.Debug = "True"
		Release.AspNetCompiler.Debug = "False"
	EndProjectSection
EndProject
Project("{8BC9CEB8-8B4A-11D0-8D11-00A0C91BC942}") = "ADatabase_ODBC", "..\ALibraryImpl\ADatabase_ODBC\ADatabase_ODBC.vcproj", "{3EA5C18C-14B0-48B4-B69F-F95013B13D01}"
	ProjectSection(ProjectDependencies) = postProject
		{1AEE01DF-B02A-4B19-8A4D-256157FE0320} = {1AEE01DF-B02A-4B19-8A4D-256157FE0320}
	EndProjectSection
	ProjectSection(WebsiteProperties) = preProject
		Debug.AspNetCompiler.Debug = "True"
		Release.AspNetCompiler.Debug = "False"
	EndProjectSection
EndProject
Project("{8BC9CEB8-8B4A-11D0-8D11-00A0C91BC942}") = "ADatabase_SQLite", "..\ALibraryImpl\ADatabase_SQLite\ADatabase_SQLite.vcproj", "{B55BFB72-D69C-4040-90E1-155954BD06C3}"
	ProjectSection(ProjectDependencies) = postProject
		{1AEE01DF-B02A-4B19-8A4D-256157FE0320} = {1AEE01DF-B02A-4B19-8A4D-256157FE0320}
	EndProjectSection
	ProjectSection(WebsiteProperties) = preProject
		Debug.AspNetCompiler.Debug = "True"
		Release.AspNetCompiler.Debug = "False"
	EndProjectSection
EndProject
Project("{8BC9CEB8-8B4A-11D0-8D11-00A0C91BC942}") = "AGdLib", "..\ALibraryImpl\AGdLib\AGdLib.vcproj", "{5F6550FC-321B-47A4-B2BA-B04506110ED0}"
	ProjectSection(ProjectDependencies) = postProject
		{1AEE01DF-B02A-4B19-8A4D-256157FE0320} = {1AEE01DF-B02A-4B19-8A4D-256157FE0320}
	EndProjectSection
	ProjectSection(WebsiteProperties) = preProject
		Debug.AspNetCompiler.Debug = "True"
		Release.AspNetCompiler.Debug = "False"
	EndProjectSection
EndProject
Project("{8BC9CEB8-8B4A-11D0-8D11-00A0C91BC942}") = "APythonEmbed", "..\ALibraryImpl\APythonEmbed\APythonEmbed.vcproj", "{8D95113B-820C-479C-80A6-FE09F2FA119D}"
	ProjectSection(ProjectDependencies) = postProject
		{1AEE01DF-B02A-4B19-8A4D-256157FE0320} = {1AEE01DF-B02A-4B19-8A4D-256157FE0320}
	EndProjectSection
	ProjectSection(WebsiteProperties) = preProject
		Debug.AspNetCompiler.Debug = "True"
		Release.AspNetCompiler.Debug = "False"
	EndProjectSection
EndProject
Project("{8BC9CEB8-8B4A-11D0-8D11-00A0C91BC942}") = "AXsl", "..\ALibraryImpl\AXsl\AXsl.vcproj", "{EE2F4415-0940-4203-98B4-4C12EC827D05}"
	ProjectSection(ProjectDependencies) = postProject
		{1AEE01DF-B02A-4B19-8A4D-256157FE0320} = {1AEE01DF-B02A-4B19-8A4D-256157FE0320}
	EndProjectSection
	ProjectSection(WebsiteProperties) = preProject
		Debug.AspNetCompiler.Debug = "True"
		Release.AspNetCompiler.Debug = "False"
	EndProjectSection
EndProject
Project("{8BC9CEB8-8B4A-11D0-8D11-00A0C91BC942}") = "AZlib", "..\ALibraryImpl\AZlib\AZLib.vcproj", "{7EE872D0-F0BD-43EE-9B44-A0FA67C8E2B2}"
	ProjectSection(ProjectDependencies) = postProject
		{1AEE01DF-B02A-4B19-8A4D-256157FE0320} = {1AEE01DF-B02A-4B19-8A4D-256157FE0320}
	EndProjectSection
	ProjectSection(WebsiteProperties) = preProject
		Debug.AspNetCompiler.Debug = "True"
		Release.AspNetCompiler.Debug = "False"
	EndProjectSection
EndProject
Project("{8BC9CEB8-8B4A-11D0-8D11-00A0C91BC942}") = "UnitTests", "..\ALibrary\UnitTests\UnitTests.vcproj", "{C52D1DD3-8B8C-4D34-8BE2-3102F67693CC}"
	ProjectSection(ProjectDependencies) = postProject
		{1AEE01DF-B02A-4B19-8A4D-256157FE0320} = {1AEE01DF-B02A-4B19-8A4D-256157FE0320}
	EndProjectSection
	ProjectSection(WebsiteProperties) = preProject
		Debug.AspNetCompiler.Debug = "True"
		Release.AspNetCompiler.Debug = "False"
	EndProjectSection
EndProject
Project("{8BC9CEB8-8B4A-11D0-8D11-00A0C91BC942}") = "ALuaEmbed", "..\ALibraryImpl\ALuaEmbed\ALuaEmbed.vcproj", "{A7384BC9-F875-4EB3-BF09-3581C16291BA}"
	ProjectSection(ProjectDependencies) = postProject
		{1AEE01DF-B02A-4B19-8A4D-256157FE0320} = {1AEE01DF-B02A-4B19-8A4D-256157FE0320}
	EndProjectSection
EndProject
Project("{8BC9CEB8-8B4A-11D0-8D11-00A0C91BC942}") = "AOS_Wiki", "..\AOS_Modules\AOS_Wiki\AOS_Wiki.vcproj", "{54A8BBE0-166E-45BE-88BC-CD944D361101}"
	ProjectSection(ProjectDependencies) = postProject
		{5D653A10-2A01-4DAD-AB60-59294DF36DF2} = {5D653A10-2A01-4DAD-AB60-59294DF36DF2}
	EndProjectSection
EndProject
Global
	GlobalSection(SolutionConfigurationPlatforms) = preSolution
		Debug|Win32 = Debug|Win32
		Release|Win32 = Release|Win32
	EndGlobalSection
	GlobalSection(ProjectConfigurationPlatforms) = postSolution
		{ABAA6EBD-BBAD-4BD4-95DB-89DCB2717CE1}.Debug|Win32.ActiveCfg = Debug|Win32
		{ABAA6EBD-BBAD-4BD4-95DB-89DCB2717CE1}.Debug|Win32.Build.0 = Debug|Win32
		{ABAA6EBD-BBAD-4BD4-95DB-89DCB2717CE1}.Release|Win32.ActiveCfg = Release|Win32
		{ABAA6EBD-BBAD-4BD4-95DB-89DCB2717CE1}.Release|Win32.Build.0 = Release|Win32
		{5D653A10-2A01-4DAD-AB60-59294DF36DF2}.Debug|Win32.ActiveCfg = Debug|Win32
		{5D653A10-2A01-4DAD-AB60-59294DF36DF2}.Debug|Win32.Build.0 = Debug|Win32
		{5D653A10-2A01-4DAD-AB60-59294DF36DF2}.Release|Win32.ActiveCfg = Release|Win32
		{5D653A10-2A01-4DAD-AB60-59294DF36DF2}.Release|Win32.Build.0 = Release|Win32
		{A3E35D72-8769-4C4F-8226-E51AE8F97D83}.Debug|Win32.ActiveCfg = Debug|Win32
		{A3E35D72-8769-4C4F-8226-E51AE8F97D83}.Debug|Win32.Build.0 = Debug|Win32
		{A3E35D72-8769-4C4F-8226-E51AE8F97D83}.Release|Win32.ActiveCfg = Release|Win32
		{A3E35D72-8769-4C4F-8226-E51AE8F97D83}.Release|Win32.Build.0 = Release|Win32
		{AA8153A0-3581-4865-B0FE-A7D5267A7950}.Debug|Win32.ActiveCfg = Debug|Win32
		{AA8153A0-3581-4865-B0FE-A7D5267A7950}.Debug|Win32.Build.0 = Debug|Win32
		{AA8153A0-3581-4865-B0FE-A7D5267A7950}.Release|Win32.ActiveCfg = Release|Win32
		{AA8153A0-3581-4865-B0FE-A7D5267A7950}.Release|Win32.Build.0 = Release|Win32
		{96B19A0C-3D35-4589-B46F-6E0A68A33C6E}.Debug|Win32.ActiveCfg = Debug|Win32
		{96B19A0C-3D35-4589-B46F-6E0A68A33C6E}.Debug|Win32.Build.0 = Debug|Win32
		{96B19A0C-3D35-4589-B46F-6E0A68A33C6E}.Release|Win32.ActiveCfg = Release|Win32
		{96B19A0C-3D35-4589-B46F-6E0A68A33C6E}.Release|Win32.Build.0 = Release|Win32
		{FD41C027-8722-424B-9152-43001DE1CBF0}.Debug|Win32.ActiveCfg = Debug|Win32
		{FD41C027-8722-424B-9152-43001DE1CBF0}.Debug|Win32.Build.0 = Debug|Win32
		{FD41C027-8722-424B-9152-43001DE1CBF0}.Release|Win32.ActiveCfg = Release|Win32
		{FD41C027-8722-424B-9152-43001DE1CBF0}.Release|Win32.Build.0 = Release|Win32
		{96B19A0C-3D35-4589-B46F-6E0A68A33C7F}.Debug|Win32.ActiveCfg = Debug|Win32
		{96B19A0C-3D35-4589-B46F-6E0A68A33C7F}.Debug|Win32.Build.0 = Debug|Win32
		{96B19A0C-3D35-4589-B46F-6E0A68A33C7F}.Release|Win32.ActiveCfg = Release|Win32
		{96B19A0C-3D35-4589-B46F-6E0A68A33C7F}.Release|Win32.Build.0 = Release|Win32
		{9BE5103D-CE8E-4B0E-8BD8-1362DB9A53ED}.Debug|Win32.ActiveCfg = Debug|Win32
		{9BE5103D-CE8E-4B0E-8BD8-1362DB9A53ED}.Debug|Win32.Build.0 = Debug|Win32
		{9BE5103D-CE8E-4B0E-8BD8-1362DB9A53ED}.Release|Win32.ActiveCfg = Release|Win32
		{9BE5103D-CE8E-4B0E-8BD8-1362DB9A53ED}.Release|Win32.Build.0 = Release|Win32
		{91CD0707-B34B-47FA-A295-BA6894D833D2}.Debug|Win32.ActiveCfg = Debug|Win32
		{91CD0707-B34B-47FA-A295-BA6894D833D2}.Debug|Win32.Build.0 = Debug|Win32
		{91CD0707-B34B-47FA-A295-BA6894D833D2}.Release|Win32.ActiveCfg = Release|Win32
		{91CD0707-B34B-47FA-A295-BA6894D833D2}.Release|Win32.Build.0 = Release|Win32
		{70DDCCEA-2422-4695-95F1-8D6FDE99B65A}.Debug|Win32.ActiveCfg = Debug|Win32
		{70DDCCEA-2422-4695-95F1-8D6FDE99B65A}.Debug|Win32.Build.0 = Debug|Win32
		{70DDCCEA-2422-4695-95F1-8D6FDE99B65A}.Release|Win32.ActiveCfg = Release|Win32
		{70DDCCEA-2422-4695-95F1-8D6FDE99B65A}.Release|Win32.Build.0 = Release|Win32
		{1AEE01DF-B02A-4B19-8A4D-256157FE0320}.Debug|Win32.ActiveCfg = Debug|Win32
		{1AEE01DF-B02A-4B19-8A4D-256157FE0320}.Debug|Win32.Build.0 = Debug|Win32
		{1AEE01DF-B02A-4B19-8A4D-256157FE0320}.Release|Win32.ActiveCfg = Release|Win32
		{1AEE01DF-B02A-4B19-8A4D-256157FE0320}.Release|Win32.Build.0 = Release|Win32
		{24EB3586-7540-4F48-99DA-C32B1E9CEE81}.Debug|Win32.ActiveCfg = Debug|Win32
		{24EB3586-7540-4F48-99DA-C32B1E9CEE81}.Debug|Win32.Build.0 = Debug|Win32
		{24EB3586-7540-4F48-99DA-C32B1E9CEE81}.Release|Win32.ActiveCfg = Release|Win32
		{24EB3586-7540-4F48-99DA-C32B1E9CEE81}.Release|Win32.Build.0 = Release|Win32
		{51014D84-264F-4D99-9576-46951CD447CD}.Debug|Win32.ActiveCfg = Debug|Win32
		{51014D84-264F-4D99-9576-46951CD447CD}.Debug|Win32.Build.0 = Debug|Win32
		{51014D84-264F-4D99-9576-46951CD447CD}.Release|Win32.ActiveCfg = Release|Win32
		{51014D84-264F-4D99-9576-46951CD447CD}.Release|Win32.Build.0 = Release|Win32
		{3EA5C18C-14B0-48B4-B69F-F95013B13D01}.Debug|Win32.ActiveCfg = Debug|Win32
		{3EA5C18C-14B0-48B4-B69F-F95013B13D01}.Debug|Win32.Build.0 = Debug|Win32
		{3EA5C18C-14B0-48B4-B69F-F95013B13D01}.Release|Win32.ActiveCfg = Release|Win32
		{3EA5C18C-14B0-48B4-B69F-F95013B13D01}.Release|Win32.Build.0 = Release|Win32
		{B55BFB72-D69C-4040-90E1-155954BD06C3}.Debug|Win32.ActiveCfg = Debug|Win32
		{B55BFB72-D69C-4040-90E1-155954BD06C3}.Debug|Win32.Build.0 = Debug|Win32
		{B55BFB72-D69C-4040-90E1-155954BD06C3}.Release|Win32.ActiveCfg = Release|Win32
		{B55BFB72-D69C-4040-90E1-155954BD06C3}.Release|Win32.Build.0 = Release|Win32
		{5F6550FC-321B-47A4-B2BA-B04506110ED0}.Debug|Win32.ActiveCfg = Debug|Win32
		{5F6550FC-321B-47A4-B2BA-B04506110ED0}.Debug|Win32.Build.0 = Debug|Win32
		{5F6550FC-321B-47A4-B2BA-B04506110ED0}.Release|Win32.ActiveCfg = Release|Win32
		{5F6550FC-321B-47A4-B2BA-B04506110ED0}.Release|Win32.Build.0 = Release|Win32
		{8D95113B-820C-479C-80A6-FE09F2FA119D}.Debug|Win32.ActiveCfg = Debug|Win32
		{8D95113B-820C-479C-80A6-FE09F2FA119D}.Debug|Win32.Build.0 = Debug|Win32
		{8D95113B-820C-479C-80A6-FE09F2FA119D}.Release|Win32.ActiveCfg = Release|Win32
		{8D95113B-820C-479C-80A6-FE09F2FA119D}.Release|Win32.Build.0 = Release|Win32
		{EE2F4415-0940-4203-98B4-4C12EC827D05}.Debug|Win32.ActiveCfg = Debug|Win32
		{EE2F4415-0940-4203-98B4-4C12EC827D05}.Debug|Win32.Build.0 = Debug|Win32
		{EE2F4415-0940-4203-98B4-4C12EC827D05}.Release|Win32.ActiveCfg = Release|Win32
		{EE2F4415-0940-4203-98B4-4C12EC827D05}.Release|Win32.Build.0 = Release|Win32
		{7EE872D0-F0BD-43EE-9B44-A0FA67C8E2B2}.Debug|Win32.ActiveCfg = Debug|Win32
		{7EE872D0-F0BD-43EE-9B44-A0FA67C8E2B2}.Debug|Win32.Build.0 = Debug|Win32
		{7EE872D0-F0BD-43EE-9B44-A0FA67C8E2B2}.Release|Win32.ActiveCfg = Release|Win32
		{7EE872D0-F0BD-43EE-9B44-A0FA67C8E2B2}.Release|Win32.Build.0 = Release|Win32
		{C52D1DD3-8B8C-4D34-8BE2-3102F67693CC}.Debug|Win32.ActiveCfg = Debug|Win32
		{C52D1DD3-8B8C-4D34-8BE2-3102F67693CC}.Debug|Win32.Build.0 = Debug|Win32
		{C52D1DD3-8B8C-4D34-8BE2-3102F67693CC}.Release|Win32.ActiveCfg = Release|Win32
		{C52D1DD3-8B8C-4D34-8BE2-3102F67693CC}.Release|Win32.Build.0 = Release|Win32
		{A7384BC9-F875-4EB3-BF09-3581C16291BA}.Debug|Win32.ActiveCfg = Debug|Win32
		{A7384BC9-F875-4EB3-BF09-3581C16291BA}.Debug|Win32.Build.0 = Debug|Win32
		{A7384BC9-F875-4EB3-BF09-3581C16291BA}.Release|Win32.ActiveCfg = Release|Win32
		{A7384BC9-F875-4EB3-BF09-3581C16291BA}.Release|Win32.Build.0 = Release|Win32
		{54A8BBE0-166E-45BE-88BC-CD944D361101}.Debug|Win32.ActiveCfg = Debug|Win32
		{54A8BBE0-166E-45BE-88BC-CD944D361101}.Debug|Win32.Build.0 = Debug|Win32
		{54A8BBE0-166E-45BE-88BC-CD944D361101}.Release|Win32.ActiveCfg = Release|Win32
		{54A8BBE0-166E-45BE-88BC-CD944D361101}.Release|Win32.Build.0 = Release|Win32
	EndGlobalSection
	GlobalSection(SolutionProperties) = preSolution
		HideSolutionNode = FALSE
	EndGlobalSection
EndGlobal
