Microsoft Visual Studio Solution File, Format Version 9.00
# Visual C++ Express 2005
Project("{8BC9CEB8-8B4A-11D0-8D11-00A0C91BC942}") = "AOS_BaseModules", "AOS_BaseModules\AOS_BaseModules.vcproj", "{ABAA6EBD-BBAD-4BD4-95DB-89DCB2717CE1}"
	ProjectSection(ProjectDependencies) = postProject
		{5D653A10-2A01-4DAD-AB60-59294DF36DF2} = {5D653A10-2A01-4DAD-AB60-59294DF36DF2}
	EndProjectSection
	ProjectSection(WebsiteProperties) = preProject
		Debug.AspNetCompiler.Debug = "True"
		Release.AspNetCompiler.Debug = "False"
	EndProjectSection
EndProject
Project("{8BC9CEB8-8B4A-11D0-8D11-00A0C91BC942}") = "AOS_Base", "AOS_Base\AOS_Base.vcproj", "{5D653A10-2A01-4DAD-AB60-59294DF36DF2}"
	ProjectSection(ProjectDependencies) = postProject
		{A3E35D72-8769-4C4F-8226-E51AE8F97D83} = {A3E35D72-8769-4C4F-8226-E51AE8F97D83}
	EndProjectSection
	ProjectSection(WebsiteProperties) = preProject
		Debug.AspNetCompiler.Debug = "True"
		Release.AspNetCompiler.Debug = "False"
	EndProjectSection
EndProject
Project("{8BC9CEB8-8B4A-11D0-8D11-00A0C91BC942}") = "AOSWatchDog", "AOSWatchDog\AOSWatchDog.vcproj", "{A3E35D72-8769-4C4F-8226-E51AE8F97D83}"
	ProjectSection(WebsiteProperties) = preProject
		Debug.AspNetCompiler.Debug = "True"
		Release.AspNetCompiler.Debug = "False"
	EndProjectSection
EndProject
Project("{8BC9CEB8-8B4A-11D0-8D11-00A0C91BC942}") = "AObjectServer", "AObjectServer\AObjectServer.vcproj", "{AA8153A0-3581-4865-B0FE-A7D5267A7950}"
	ProjectSection(ProjectDependencies) = postProject
		{91CD0707-B34B-47FA-A295-BA6894D833D2} = {91CD0707-B34B-47FA-A295-BA6894D833D2}
		{96B19A0C-3D35-4589-B46F-6E0A68A33C6E} = {96B19A0C-3D35-4589-B46F-6E0A68A33C6E}
		{96B19A0C-3D35-4589-B46F-6E0A68A33C7F} = {96B19A0C-3D35-4589-B46F-6E0A68A33C7F}
		{96B19A0C-3D35-4589-B46F-6E0A68A33C7F} = {96B19A0C-3D35-4589-B46F-6E0A68A33C7F}
		{96B19A0C-3D35-4589-B46F-6E0A68A33C7F} = {96B19A0C-3D35-4589-B46F-6E0A68A33C7F}
		{96B19A0C-3D35-4589-B46F-6E0A68A33C7F} = {96B19A0C-3D35-4589-B46F-6E0A68A33C7F}
		{96B19A0C-3D35-4589-B46F-6E0A68A33C7F} = {96B19A0C-3D35-4589-B46F-6E0A68A33C7F}
		{96B19A0C-3D35-4589-B46F-6E0A68A33C7F} = {96B19A0C-3D35-4589-B46F-6E0A68A33C7F}
		{96B19A0C-3D35-4589-B46F-6E0A68A33C7F} = {96B19A0C-3D35-4589-B46F-6E0A68A33C7F}
		{96B19A0C-3D35-4589-B46F-6E0A68A33C7F} = {96B19A0C-3D35-4589-B46F-6E0A68A33C7F}
		{96B19A0C-3D35-4589-B46F-6E0A68A33C7F} = {96B19A0C-3D35-4589-B46F-6E0A68A33C7F}
		{5D653A10-2A01-4DAD-AB60-59294DF36DF2} = {5D653A10-2A01-4DAD-AB60-59294DF36DF2}
		{FD41C027-8722-424B-9152-43001DE1CBF0} = {FD41C027-8722-424B-9152-43001DE1CBF0}
		{9BE5103D-CE8E-4B0E-8BD8-1362DB9A53ED} = {9BE5103D-CE8E-4B0E-8BD8-1362DB9A53ED}
		{A3E35D72-8769-4C4F-8226-E51AE8F97D83} = {A3E35D72-8769-4C4F-8226-E51AE8F97D83}
		{ABAA6EBD-BBAD-4BD4-95DB-89DCB2717CE1} = {ABAA6EBD-BBAD-4BD4-95DB-89DCB2717CE1}
		{70DDCCEA-2422-4695-95F1-8D6FDE99B65A} = {70DDCCEA-2422-4695-95F1-8D6FDE99B65A}
	EndProjectSection
	ProjectSection(WebsiteProperties) = preProject
		Debug.AspNetCompiler.Debug = "True"
		Release.AspNetCompiler.Debug = "False"
	EndProjectSection
EndProject
Project("{8BC9CEB8-8B4A-11D0-8D11-00A0C91BC942}") = "AOS_DadaData", "..\AOS_Modules\AOS_DadaData\AOS_DadaData.vcproj", "{96B19A0C-3D35-4589-B46F-6E0A68A33C6E}"
	ProjectSection(ProjectDependencies) = postProject
		{5D653A10-2A01-4DAD-AB60-59294DF36DF2} = {5D653A10-2A01-4DAD-AB60-59294DF36DF2}
	EndProjectSection
	ProjectSection(WebsiteProperties) = preProject
		Debug.AspNetCompiler.Debug = "True"
		Release.AspNetCompiler.Debug = "False"
	EndProjectSection
EndProject
Project("{8BC9CEB8-8B4A-11D0-8D11-00A0C91BC942}") = "AOS_Forum", "..\AOS_Modules\AOS_Forum\AOS_Forum.vcproj", "{FD41C027-8722-424B-9152-43001DE1CBF0}"
	ProjectSection(ProjectDependencies) = postProject
		{5D653A10-2A01-4DAD-AB60-59294DF36DF2} = {5D653A10-2A01-4DAD-AB60-59294DF36DF2}
	EndProjectSection
	ProjectSection(WebsiteProperties) = preProject
		Debug.AspNetCompiler.Debug = "True"
		Release.AspNetCompiler.Debug = "False"
	EndProjectSection
EndProject
Project("{8BC9CEB8-8B4A-11D0-8D11-00A0C91BC942}") = "AOS_Example", "..\AOS_Modules\AOS_Example\AOS_Example.vcproj", "{96B19A0C-3D35-4589-B46F-6E0A68A33C7F}"
	ProjectSection(ProjectDependencies) = postProject
		{5D653A10-2A01-4DAD-AB60-59294DF36DF2} = {5D653A10-2A01-4DAD-AB60-59294DF36DF2}
	EndProjectSection
	ProjectSection(WebsiteProperties) = preProject
		Debug.AspNetCompiler.Debug = "True"
		Release.AspNetCompiler.Debug = "False"
	EndProjectSection
EndProject
Project("{8BC9CEB8-8B4A-11D0-8D11-00A0C91BC942}") = "AOS_Test", "..\AOS_Modules\AOS_Test\AOS_Test.vcproj", "{9BE5103D-CE8E-4B0E-8BD8-1362DB9A53ED}"
	ProjectSection(ProjectDependencies) = postProject
		{5D653A10-2A01-4DAD-AB60-59294DF36DF2} = {5D653A10-2A01-4DAD-AB60-59294DF36DF2}
	EndProjectSection
	ProjectSection(WebsiteProperties) = preProject
		Debug.AspNetCompiler.Debug = "True"
		Release.AspNetCompiler.Debug = "False"
	EndProjectSection
EndProject
Project("{8BC9CEB8-8B4A-11D0-8D11-00A0C91BC942}") = "AOSTest", "AOSTest\AOSTest.vcproj", "{91CD0707-B34B-47FA-A295-BA6894D833D2}"
	ProjectSection(ProjectDependencies) = postProject
		{96B19A0C-3D35-4589-B46F-6E0A68A33C6E} = {96B19A0C-3D35-4589-B46F-6E0A68A33C6E}
		{96B19A0C-3D35-4589-B46F-6E0A68A33C7F} = {96B19A0C-3D35-4589-B46F-6E0A68A33C7F}
		{5D653A10-2A01-4DAD-AB60-59294DF36DF2} = {5D653A10-2A01-4DAD-AB60-59294DF36DF2}
		{FD41C027-8722-424B-9152-43001DE1CBF0} = {FD41C027-8722-424B-9152-43001DE1CBF0}
		{9BE5103D-CE8E-4B0E-8BD8-1362DB9A53ED} = {9BE5103D-CE8E-4B0E-8BD8-1362DB9A53ED}
		{A3E35D72-8769-4C4F-8226-E51AE8F97D83} = {A3E35D72-8769-4C4F-8226-E51AE8F97D83}
		{ABAA6EBD-BBAD-4BD4-95DB-89DCB2717CE1} = {ABAA6EBD-BBAD-4BD4-95DB-89DCB2717CE1}
	EndProjectSection
	ProjectSection(WebsiteProperties) = preProject
		Debug.AspNetCompiler.Debug = "True"
		Release.AspNetCompiler.Debug = "False"
	EndProjectSection
EndProject
Project("{8BC9CEB8-8B4A-11D0-8D11-00A0C91BC942}") = "AOS_Blog", "..\AOS_Modules\AOS_Blog\AOS_Blog.vcproj", "{70DDCCEA-2422-4695-95F1-8D6FDE99B65A}"
	ProjectSection(ProjectDependencies) = postProject
		{5D653A10-2A01-4DAD-AB60-59294DF36DF2} = {5D653A10-2A01-4DAD-AB60-59294DF36DF2}
	EndProjectSection
	ProjectSection(WebsiteProperties) = preProject
		Debug.AspNetCompiler.Debug = "True"
		Release.AspNetCompiler.Debug = "False"
	EndProjectSection
EndProject
Global
	GlobalSection(SolutionConfigurationPlatforms) = preSolution
		Debug|Win32 = Debug|Win32
		Release|Win32 = Release|Win32
	EndGlobalSection
	GlobalSection(ProjectConfigurationPlatforms) = postSolution
		{ABAA6EBD-BBAD-4BD4-95DB-89DCB2717CE1}.Debug|Win32.ActiveCfg = Debug|Win32
		{ABAA6EBD-BBAD-4BD4-95DB-89DCB2717CE1}.Debug|Win32.Build.0 = Debug|Win32
		{ABAA6EBD-BBAD-4BD4-95DB-89DCB2717CE1}.Release|Win32.ActiveCfg = Release|Win32
		{ABAA6EBD-BBAD-4BD4-95DB-89DCB2717CE1}.Release|Win32.Build.0 = Release|Win32
		{5D653A10-2A01-4DAD-AB60-59294DF36DF2}.Debug|Win32.ActiveCfg = Debug|Win32
		{5D653A10-2A01-4DAD-AB60-59294DF36DF2}.Debug|Win32.Build.0 = Debug|Win32
		{5D653A10-2A01-4DAD-AB60-59294DF36DF2}.Release|Win32.ActiveCfg = Release|Win32
		{5D653A10-2A01-4DAD-AB60-59294DF36DF2}.Release|Win32.Build.0 = Release|Win32
		{A3E35D72-8769-4C4F-8226-E51AE8F97D83}.Debug|Win32.ActiveCfg = Debug|Win32
		{A3E35D72-8769-4C4F-8226-E51AE8F97D83}.Debug|Win32.Build.0 = Debug|Win32
		{A3E35D72-8769-4C4F-8226-E51AE8F97D83}.Release|Win32.ActiveCfg = Release|Win32
		{A3E35D72-8769-4C4F-8226-E51AE8F97D83}.Release|Win32.Build.0 = Release|Win32
		{AA8153A0-3581-4865-B0FE-A7D5267A7950}.Debug|Win32.ActiveCfg = Debug|Win32
		{AA8153A0-3581-4865-B0FE-A7D5267A7950}.Debug|Win32.Build.0 = Debug|Win32
		{AA8153A0-3581-4865-B0FE-A7D5267A7950}.Release|Win32.ActiveCfg = Release|Win32
		{AA8153A0-3581-4865-B0FE-A7D5267A7950}.Release|Win32.Build.0 = Release|Win32
		{96B19A0C-3D35-4589-B46F-6E0A68A33C6E}.Debug|Win32.ActiveCfg = Debug|Win32
		{96B19A0C-3D35-4589-B46F-6E0A68A33C6E}.Debug|Win32.Build.0 = Debug|Win32
		{96B19A0C-3D35-4589-B46F-6E0A68A33C6E}.Release|Win32.ActiveCfg = Release|Win32
		{96B19A0C-3D35-4589-B46F-6E0A68A33C6E}.Release|Win32.Build.0 = Release|Win32
		{FD41C027-8722-424B-9152-43001DE1CBF0}.Debug|Win32.ActiveCfg = Debug|Win32
		{FD41C027-8722-424B-9152-43001DE1CBF0}.Debug|Win32.Build.0 = Debug|Win32
		{FD41C027-8722-424B-9152-43001DE1CBF0}.Release|Win32.ActiveCfg = Release|Win32
		{FD41C027-8722-424B-9152-43001DE1CBF0}.Release|Win32.Build.0 = Release|Win32
		{96B19A0C-3D35-4589-B46F-6E0A68A33C7F}.Debug|Win32.ActiveCfg = Debug|Win32
		{96B19A0C-3D35-4589-B46F-6E0A68A33C7F}.Debug|Win32.Build.0 = Debug|Win32
		{96B19A0C-3D35-4589-B46F-6E0A68A33C7F}.Release|Win32.ActiveCfg = Release|Win32
		{96B19A0C-3D35-4589-B46F-6E0A68A33C7F}.Release|Win32.Build.0 = Release|Win32
		{9BE5103D-CE8E-4B0E-8BD8-1362DB9A53ED}.Debug|Win32.ActiveCfg = Debug|Win32
		{9BE5103D-CE8E-4B0E-8BD8-1362DB9A53ED}.Debug|Win32.Build.0 = Debug|Win32
		{9BE5103D-CE8E-4B0E-8BD8-1362DB9A53ED}.Release|Win32.ActiveCfg = Release|Win32
		{9BE5103D-CE8E-4B0E-8BD8-1362DB9A53ED}.Release|Win32.Build.0 = Release|Win32
		{91CD0707-B34B-47FA-A295-BA6894D833D2}.Debug|Win32.ActiveCfg = Debug|Win32
		{91CD0707-B34B-47FA-A295-BA6894D833D2}.Debug|Win32.Build.0 = Debug|Win32
		{91CD0707-B34B-47FA-A295-BA6894D833D2}.Release|Win32.ActiveCfg = Release|Win32
		{91CD0707-B34B-47FA-A295-BA6894D833D2}.Release|Win32.Build.0 = Release|Win32
		{70DDCCEA-2422-4695-95F1-8D6FDE99B65A}.Debug|Win32.ActiveCfg = Debug|Win32
		{70DDCCEA-2422-4695-95F1-8D6FDE99B65A}.Debug|Win32.Build.0 = Debug|Win32
		{70DDCCEA-2422-4695-95F1-8D6FDE99B65A}.Release|Win32.ActiveCfg = Release|Win32
		{70DDCCEA-2422-4695-95F1-8D6FDE99B65A}.Release|Win32.Build.0 = Release|Win32
	EndGlobalSection
	GlobalSection(SolutionProperties) = preSolution
		HideSolutionNode = FALSE
	EndGlobalSection
EndGlobal
