Microsoft Visual Studio Solution File, Format Version 8.00
Project("{8BC9CEB8-8B4A-11D0-8D11-00A0C91BC942}") = "AOSWatchDog", "AOSWatchDog\AOSWatchDog.71.vcproj", "{A3E35D72-8769-4C4F-8226-E51AE8F97D83}"
	ProjectSection(ProjectDependencies) = postProject
	EndProjectSection
EndProject
Project("{8BC9CEB8-8B4A-11D0-8D11-00A0C91BC942}") = "AObjectServer", "AObjectServer\AObjectServer.71.vcproj", "{AA8153A0-3581-4865-B0FE-A7D5267A7950}"
	ProjectSection(ProjectDependencies) = postProject
		{91CD0707-B34B-47FA-A295-BA6894D833D2} = {91CD0707-B34B-47FA-A295-BA6894D833D2}
		{96B19A0C-3D35-4589-B46E-6E0A68A33C7F} = {96B19A0C-3D35-4589-B46E-6E0A68A33C7F}
		{96B19A0C-3D35-4589-B46F-6E0A68A33C6E} = {96B19A0C-3D35-4589-B46F-6E0A68A33C6E}
		{96B19A0C-3D35-4589-B46F-6E0A68A33C7F} = {96B19A0C-3D35-4589-B46F-6E0A68A33C7F}
		{96B19A0C-3D35-4589-B46F-6E0A68A33C7F} = {96B19A0C-3D35-4589-B46F-6E0A68A33C7F}
		{96B19A0C-3D35-4589-B46F-6E0A68A33C7F} = {96B19A0C-3D35-4589-B46F-6E0A68A33C7F}
		{96B19A0C-3D35-4589-B46F-6E0A68A33C7F} = {96B19A0C-3D35-4589-B46F-6E0A68A33C7F}
		{96B19A0C-3D35-4589-B46F-6E0A68A33C7F} = {96B19A0C-3D35-4589-B46F-6E0A68A33C7F}
		{96B19A0C-3D35-4689-B46F-6E0A68A33C7F} = {96B19A0C-3D35-4689-B46F-6E0A68A33C7F}
		{5D653A10-2A01-4DAD-AB60-59294DF36DF2} = {5D653A10-2A01-4DAD-AB60-59294DF36DF2}
		{A3E35D72-8769-4C4F-8226-E51AE8F97D83} = {A3E35D72-8769-4C4F-8226-E51AE8F97D83}
		{ABAA6EBD-BBAD-4BD4-95DB-89DCB2717CE1} = {ABAA6EBD-BBAD-4BD4-95DB-89DCB2717CE1}
	EndProjectSection
EndProject
Project("{8BC9CEB8-8B4A-11D0-8D11-00A0C91BC942}") = "AOS_Base", "AOS_Base\AOS_Base.71.vcproj", "{5D653A10-2A01-4DAD-AB60-59294DF36DF2}"
	ProjectSection(ProjectDependencies) = postProject
	EndProjectSection
EndProject
Project("{8BC9CEB8-8B4A-11D0-8D11-00A0C91BC942}") = "AOS_BaseModules", "AOS_BaseModules\AOS_BaseModules.71.vcproj", "{ABAA6EBD-BBAD-4BD4-95DB-89DCB2717CE1}"
	ProjectSection(ProjectDependencies) = postProject
		{5D653A10-2A01-4DAD-AB60-59294DF36DF2} = {5D653A10-2A01-4DAD-AB60-59294DF36DF2}
	EndProjectSection
EndProject
Project("{8BC9CEB8-8B4A-11D0-8D11-00A0C91BC942}") = "AOSTest", "AOSTest\AOSTest.71.vcproj", "{91CD0707-B34B-47FA-A295-BA6894D833D2}"
	ProjectSection(ProjectDependencies) = postProject
		{5D653A10-2A01-4DAD-AB60-59294DF36DF2} = {5D653A10-2A01-4DAD-AB60-59294DF36DF2}
		{ABAA6EBD-BBAD-4BD4-95DB-89DCB2717CE1} = {ABAA6EBD-BBAD-4BD4-95DB-89DCB2717CE1}
	EndProjectSection
EndProject
Project("{8BC9CEB8-8B4A-11D0-8D11-00A0C91BC942}") = "AOS_DadaData", "..\AOS_Modules\AOS_DadaData\AOS_DadaData.71.vcproj", "{96B19A0C-3D35-4589-B46F-6E0A68A33C6E}"
	ProjectSection(ProjectDependencies) = postProject
		{5D653A10-2A01-4DAD-AB60-59294DF36DF2} = {5D653A10-2A01-4DAD-AB60-59294DF36DF2}
	EndProjectSection
EndProject
Project("{8BC9CEB8-8B4A-11D0-8D11-00A0C91BC942}") = "AOS_Example", "..\AOS_Modules\AOS_Example\AOS_Example.71.vcproj", "{96B19A0C-3D35-4589-B46E-6E0A68A33C7F}"
	ProjectSection(ProjectDependencies) = postProject
		{5D653A10-2A01-4DAD-AB60-59294DF36DF2} = {5D653A10-2A01-4DAD-AB60-59294DF36DF2}
	EndProjectSection
EndProject
Project("{8BC9CEB8-8B4A-11D0-8D11-00A0C91BC942}") = "AOS_Test", "..\AOS_Modules\AOS_Test\AOS_Test.71.vcproj", "{96B19A0C-3D35-4589-B46F-6E0A68A33C7F}"
	ProjectSection(ProjectDependencies) = postProject
		{5D653A10-2A01-4DAD-AB60-59294DF36DF2} = {5D653A10-2A01-4DAD-AB60-59294DF36DF2}
	EndProjectSection
EndProject
Project("{8BC9CEB8-8B4A-11D0-8D11-00A0C91BC942}") = "AOS_Forum", "..\AOS_Modules\AOS_Forum\AOS_Forum.71.vcproj", "{96B19A0C-3D35-4689-B46F-6E0A68A33C7F}"
	ProjectSection(ProjectDependencies) = postProject
		{5D653A10-2A01-4DAD-AB60-59294DF36DF2} = {5D653A10-2A01-4DAD-AB60-59294DF36DF2}
	EndProjectSection
EndProject
Global
	GlobalSection(SolutionConfiguration) = preSolution
		Debug = Debug
		Release = Release
	EndGlobalSection
	GlobalSection(ProjectConfiguration) = postSolution
		{A3E35D72-8769-4C4F-8226-E51AE8F97D83}.Debug.ActiveCfg = Debug|Win32
		{A3E35D72-8769-4C4F-8226-E51AE8F97D83}.Debug.Build.0 = Debug|Win32
		{A3E35D72-8769-4C4F-8226-E51AE8F97D83}.Release.ActiveCfg = Release|Win32
		{A3E35D72-8769-4C4F-8226-E51AE8F97D83}.Release.Build.0 = Release|Win32
		{AA8153A0-3581-4865-B0FE-A7D5267A7950}.Debug.ActiveCfg = Debug|Win32
		{AA8153A0-3581-4865-B0FE-A7D5267A7950}.Debug.Build.0 = Debug|Win32
		{AA8153A0-3581-4865-B0FE-A7D5267A7950}.Release.ActiveCfg = Release|Win32
		{AA8153A0-3581-4865-B0FE-A7D5267A7950}.Release.Build.0 = Release|Win32
		{5D653A10-2A01-4DAD-AB60-59294DF36DF2}.Debug.ActiveCfg = Debug|Win32
		{5D653A10-2A01-4DAD-AB60-59294DF36DF2}.Debug.Build.0 = Debug|Win32
		{5D653A10-2A01-4DAD-AB60-59294DF36DF2}.Release.ActiveCfg = Release|Win32
		{5D653A10-2A01-4DAD-AB60-59294DF36DF2}.Release.Build.0 = Release|Win32
		{ABAA6EBD-BBAD-4BD4-95DB-89DCB2717CE1}.Debug.ActiveCfg = Debug|Win32
		{ABAA6EBD-BBAD-4BD4-95DB-89DCB2717CE1}.Debug.Build.0 = Debug|Win32
		{ABAA6EBD-BBAD-4BD4-95DB-89DCB2717CE1}.Release.ActiveCfg = Release|Win32
		{ABAA6EBD-BBAD-4BD4-95DB-89DCB2717CE1}.Release.Build.0 = Release|Win32
		{91CD0707-B34B-47FA-A295-BA6894D833D2}.Debug.ActiveCfg = Debug|Win32
		{91CD0707-B34B-47FA-A295-BA6894D833D2}.Debug.Build.0 = Debug|Win32
		{91CD0707-B34B-47FA-A295-BA6894D833D2}.Release.ActiveCfg = Release|Win32
		{91CD0707-B34B-47FA-A295-BA6894D833D2}.Release.Build.0 = Release|Win32
		{96B19A0C-3D35-4589-B46F-6E0A68A33C6E}.Debug.ActiveCfg = Debug|Win32
		{96B19A0C-3D35-4589-B46F-6E0A68A33C6E}.Debug.Build.0 = Debug|Win32
		{96B19A0C-3D35-4589-B46F-6E0A68A33C6E}.Release.ActiveCfg = Release|Win32
		{96B19A0C-3D35-4589-B46F-6E0A68A33C6E}.Release.Build.0 = Release|Win32
		{96B19A0C-3D35-4589-B46E-6E0A68A33C7F}.Debug.ActiveCfg = Debug|Win32
		{96B19A0C-3D35-4589-B46E-6E0A68A33C7F}.Debug.Build.0 = Debug|Win32
		{96B19A0C-3D35-4589-B46E-6E0A68A33C7F}.Release.ActiveCfg = Release|Win32
		{96B19A0C-3D35-4589-B46E-6E0A68A33C7F}.Release.Build.0 = Release|Win32
		{96B19A0C-3D35-4589-B46F-6E0A68A33C7F}.Debug.ActiveCfg = Debug|Win32
		{96B19A0C-3D35-4589-B46F-6E0A68A33C7F}.Debug.Build.0 = Debug|Win32
		{96B19A0C-3D35-4589-B46F-6E0A68A33C7F}.Release.ActiveCfg = Release|Win32
		{96B19A0C-3D35-4589-B46F-6E0A68A33C7F}.Release.Build.0 = Release|Win32
		{96B19A0C-3D35-4689-B46F-6E0A68A33C7F}.Debug.ActiveCfg = Debug|Win32
		{96B19A0C-3D35-4689-B46F-6E0A68A33C7F}.Debug.Build.0 = Debug|Win32
		{96B19A0C-3D35-4689-B46F-6E0A68A33C7F}.Release.ActiveCfg = Release|Win32
		{96B19A0C-3D35-4689-B46F-6E0A68A33C7F}.Release.Build.0 = Release|Win32
	EndGlobalSection
	GlobalSection(ExtensibilityGlobals) = postSolution
	EndGlobalSection
	GlobalSection(ExtensibilityAddIns) = postSolution
	EndGlobalSection
EndGlobal
