<?xml version="1.0" encoding="utf-8"?>
<Project ToolsVersion="4.0" xmlns="http://schemas.microsoft.com/developer/msbuild/2003">
  <ItemGroup>
    <Filter Include="Source Files">
      <UniqueIdentifier>{4d78fde1-0d73-49a4-adc6-c9773b69a32b}</UniqueIdentifier>
      <Extensions>cpp;c;cxx;rc;def;r;odl;idl;hpj;bat</Extensions>
    </Filter>
    <Filter Include="Header Files">
      <UniqueIdentifier>{6a748d76-c0dc-4cc7-9e4a-bcba08add037}</UniqueIdentifier>
      <Extensions>h;hpp;hxx;hm;inl</Extensions>
    </Filter>
  </ItemGroup>
  <ItemGroup>
    <ClCompile Include="ABase.cpp">
      <Filter>Source Files</Filter>
    </ClCompile>
    <ClCompile Include="ABaseMain.cpp">
      <Filter>Source Files</Filter>
    </ClCompile>
    <ClCompile Include="ABasePtrContainer.cpp">
      <Filter>Source Files</Filter>
    </ClCompile>
    <ClCompile Include="ABasePtrQueue.cpp">
      <Filter>Source Files</Filter>
    </ClCompile>
    <ClCompile Include="ABitArray.cpp">
      <Filter>Source Files</Filter>
    </ClCompile>
    <ClCompile Include="ACacheInterface.cpp">
      <Filter>Source Files</Filter>
    </ClCompile>
    <ClCompile Include="AChecksum.cpp">
      <Filter>Source Files</Filter>
    </ClCompile>
    <ClCompile Include="ACommandLineParser.cpp">
      <Filter>Source Files</Filter>
    </ClCompile>
    <ClCompile Include="AConstant.cpp">
      <Filter>Source Files</Filter>
    </ClCompile>
    <ClCompile Include="AContentType_Binary.cpp">
      <Filter>Source Files</Filter>
    </ClCompile>
    <ClCompile Include="AContentType_Form.cpp">
      <Filter>Source Files</Filter>
    </ClCompile>
    <ClCompile Include="AContentType_TextXml.cpp">
      <Filter>Source Files</Filter>
    </ClCompile>
    <ClCompile Include="AContentTypeFactory.cpp">
      <Filter>Source Files</Filter>
    </ClCompile>
    <ClCompile Include="AContentTypeInterface.cpp">
      <Filter>Source Files</Filter>
    </ClCompile>
    <ClCompile Include="ACookie.cpp">
      <Filter>Source Files</Filter>
    </ClCompile>
    <ClCompile Include="ACookieJar.cpp">
      <Filter>Source Files</Filter>
    </ClCompile>
    <ClCompile Include="ACookieJar_Node.cpp">
      <Filter>Source Files</Filter>
    </ClCompile>
    <ClCompile Include="ACookies.cpp">
      <Filter>Source Files</Filter>
    </ClCompile>
    <ClCompile Include="ADatabase.cpp">
      <Filter>Source Files</Filter>
    </ClCompile>
    <ClCompile Include="ADatabase_NOP.cpp">
      <Filter>Source Files</Filter>
    </ClCompile>
    <ClCompile Include="ADebugDumpable.cpp">
      <Filter>Source Files</Filter>
    </ClCompile>
    <ClCompile Include="ADigest_MD5.cpp">
      <Filter>Source Files</Filter>
    </ClCompile>
    <ClCompile Include="ADigest_SHA1.cpp">
      <Filter>Source Files</Filter>
    </ClCompile>
    <ClCompile Include="ADynamicLibrary.cpp">
      <Filter>Source Files</Filter>
    </ClCompile>
    <ClCompile Include="AEmittable.cpp">
      <Filter>Source Files</Filter>
    </ClCompile>
    <ClCompile Include="AEventVisitor.cpp">
      <Filter>Source Files</Filter>
    </ClCompile>
    <ClCompile Include="AException.cpp">
      <Filter>Source Files</Filter>
    </ClCompile>
    <ClCompile Include="AFile.cpp">
      <Filter>Source Files</Filter>
    </ClCompile>
    <ClCompile Include="AFile_AString.cpp">
      <Filter>Source Files</Filter>
    </ClCompile>
    <ClCompile Include="AFile_IOStream.cpp">
      <Filter>Source Files</Filter>
    </ClCompile>
    <ClCompile Include="AFilename.cpp">
      <Filter>Source Files</Filter>
    </ClCompile>
    <ClCompile Include="AFileRandomAccess.cpp">
      <Filter>Source Files</Filter>
    </ClCompile>
    <ClCompile Include="AFragmentConstant.cpp">
      <Filter>Source Files</Filter>
    </ClCompile>
    <ClCompile Include="AFragmentCounter.cpp">
      <Filter>Source Files</Filter>
    </ClCompile>
    <ClCompile Include="AFragmentInterface.cpp">
      <Filter>Source Files</Filter>
    </ClCompile>
    <ClCompile Include="AFragmentOdometer.cpp">
      <Filter>Source Files</Filter>
    </ClCompile>
    <ClCompile Include="AFragmentSet.cpp">
      <Filter>Source Files</Filter>
    </ClCompile>
    <ClCompile Include="AFragmentString.cpp">
      <Filter>Source Files</Filter>
    </ClCompile>
    <ClCompile Include="AHTTPHeader.cpp">
      <Filter>Source Files</Filter>
    </ClCompile>
    <ClCompile Include="AHTTPRequestHeader.cpp">
      <Filter>Source Files</Filter>
    </ClCompile>
    <ClCompile Include="AHTTPResponseHeader.cpp">
      <Filter>Source Files</Filter>
    </ClCompile>
    <ClCompile Include="AJsonEmittable.cpp">
      <Filter>Source Files</Filter>
    </ClCompile>
    <ClCompile Include="ALock.cpp">
      <Filter>Source Files</Filter>
    </ClCompile>
    <ClCompile Include="ALog.cpp">
      <Filter>Source Files</Filter>
    </ClCompile>
    <ClCompile Include="ALog_ScopeEvents.cpp">
      <Filter>Source Files</Filter>
    </ClCompile>
    <ClCompile Include="AMovingAverage.cpp">
      <Filter>Source Files</Filter>
    </ClCompile>
    <ClCompile Include="ANamePointerPair.cpp">
      <Filter>Source Files</Filter>
    </ClCompile>
    <ClCompile Include="ANameValuePair.cpp">
      <Filter>Source Files</Filter>
    </ClCompile>
    <ClCompile Include="ansiHelpers.cpp">
      <Filter>Source Files</Filter>
    </ClCompile>
    <ClCompile Include="ANumber.cpp">
      <Filter>Source Files</Filter>
    </ClCompile>
    <ClCompile Include="AOutputBuffer.cpp">
      <Filter>Source Files</Filter>
    </ClCompile>
    <ClCompile Include="AParsable.cpp">
      <Filter>Source Files</Filter>
    </ClCompile>
    <ClCompile Include="AQueryString.cpp">
      <Filter>Source Files</Filter>
    </ClCompile>
    <ClCompile Include="ARandomAccessBuffer.cpp">
      <Filter>Source Files</Filter>
    </ClCompile>
    <ClCompile Include="ARandomNumberGenerator.cpp">
      <Filter>Source Files</Filter>
    </ClCompile>
    <ClCompile Include="AResultSet.cpp">
      <Filter>Source Files</Filter>
    </ClCompile>
    <ClCompile Include="ARng_Lecuyer.cpp">
      <Filter>Source Files</Filter>
    </ClCompile>
    <ClCompile Include="ARng_Marsaglia.cpp">
      <Filter>Source Files</Filter>
    </ClCompile>
    <ClCompile Include="ARng_Uniform.cpp">
      <Filter>Source Files</Filter>
    </ClCompile>
    <ClCompile Include="ARope.cpp">
      <Filter>Source Files</Filter>
    </ClCompile>
    <ClCompile Include="ARopeDeque.cpp">
      <Filter>Source Files</Filter>
    </ClCompile>
    <ClCompile Include="AString.cpp">
      <Filter>Source Files</Filter>
    </ClCompile>
    <ClCompile Include="AStringHashMap.cpp">
      <Filter>Source Files</Filter>
    </ClCompile>
    <ClCompile Include="ASynchronization.cpp">
      <Filter>Source Files</Filter>
    </ClCompile>
    <ClCompile Include="ATemplate.cpp">
      <Filter>Source Files</Filter>
    </ClCompile>
    <ClCompile Include="ATemplateContext.cpp">
      <Filter>Source Files</Filter>
    </ClCompile>
    <ClCompile Include="ATemplateNode.cpp">
      <Filter>Source Files</Filter>
    </ClCompile>
    <ClCompile Include="ATemplateNodeHandler.cpp">
      <Filter>Source Files</Filter>
    </ClCompile>
    <ClCompile Include="ATemplateNodeHandler_MODEL.cpp">
      <Filter>Source Files</Filter>
    </ClCompile>
    <ClCompile Include="ATemplateNodeHandler_OBJECT.cpp">
      <Filter>Source Files</Filter>
    </ClCompile>
    <ClCompile Include="ATextConverter.cpp">
      <Filter>Source Files</Filter>
    </ClCompile>
    <ClCompile Include="ATextGenerator.cpp">
      <Filter>Source Files</Filter>
    </ClCompile>
    <ClCompile Include="ATextOdometer.cpp">
      <Filter>Source Files</Filter>
    </ClCompile>
    <ClCompile Include="ATime.cpp">
      <Filter>Source Files</Filter>
    </ClCompile>
    <ClCompile Include="ATimer.cpp">
      <Filter>Source Files</Filter>
    </ClCompile>
    <ClCompile Include="AUrl.cpp">
      <Filter>Source Files</Filter>
    </ClCompile>
    <ClCompile Include="AWordUtility.cpp">
      <Filter>Source Files</Filter>
    </ClCompile>
    <ClCompile Include="AXmlAttributes.cpp">
      <Filter>Source Files</Filter>
    </ClCompile>
    <ClCompile Include="AXmlData.cpp">
      <Filter>Source Files</Filter>
    </ClCompile>
    <ClCompile Include="AXmlDocument.cpp">
      <Filter>Source Files</Filter>
    </ClCompile>
    <ClCompile Include="AXmlElement.cpp">
      <Filter>Source Files</Filter>
    </ClCompile>
    <ClCompile Include="AXmlEmittable.cpp">
      <Filter>Source Files</Filter>
    </ClCompile>
    <ClCompile Include="AXmlInstruction.cpp">
      <Filter>Source Files</Filter>
    </ClCompile>
    <ClCompile Include="AXmlParsable.cpp">
      <Filter>Source Files</Filter>
    </ClCompile>
    <ClCompile Include="extABase.cpp">
      <Filter>Source Files</Filter>
    </ClCompile>
    <ClCompile Include="pchABase.cpp">
      <Filter>Source Files</Filter>
    </ClCompile>
  </ItemGroup>
  <ItemGroup>
    <ClInclude Include="ABase.hpp">
      <Filter>Header Files</Filter>
    </ClInclude>
    <ClInclude Include="ABasePtrContainer.hpp">
      <Filter>Header Files</Filter>
    </ClInclude>
    <ClInclude Include="ABasePtrQueue.hpp">
      <Filter>Header Files</Filter>
    </ClInclude>
    <ClInclude Include="ABitArray.hpp">
      <Filter>Header Files</Filter>
    </ClInclude>
    <ClInclude Include="ACacheInterface.hpp">
      <Filter>Header Files</Filter>
    </ClInclude>
    <ClInclude Include="AChecksum.hpp">
      <Filter>Header Files</Filter>
    </ClInclude>
    <ClInclude Include="ACommandLineParser.hpp">
      <Filter>Header Files</Filter>
    </ClInclude>
    <ClInclude Include="AConstant.hpp">
      <Filter>Header Files</Filter>
    </ClInclude>
    <ClInclude Include="AContentType_Binary.hpp">
      <Filter>Header Files</Filter>
    </ClInclude>
    <ClInclude Include="AContentType_Form.hpp">
      <Filter>Header Files</Filter>
    </ClInclude>
    <ClInclude Include="AContentType_TextXml.hpp">
      <Filter>Header Files</Filter>
    </ClInclude>
    <ClInclude Include="AContentTypeFactory.hpp">
      <Filter>Header Files</Filter>
    </ClInclude>
    <ClInclude Include="AContentTypeInterface.hpp">
      <Filter>Header Files</Filter>
    </ClInclude>
    <ClInclude Include="ACookie.hpp">
      <Filter>Header Files</Filter>
    </ClInclude>
    <ClInclude Include="ACookieJar.hpp">
      <Filter>Header Files</Filter>
    </ClInclude>
    <ClInclude Include="ACookies.hpp">
      <Filter>Header Files</Filter>
    </ClInclude>
    <ClInclude Include="ADatabase.hpp">
      <Filter>Header Files</Filter>
    </ClInclude>
    <ClInclude Include="ADatabase_NOP.hpp">
      <Filter>Header Files</Filter>
    </ClInclude>
    <ClInclude Include="ADebugDumpable.hpp">
      <Filter>Header Files</Filter>
    </ClInclude>
    <ClInclude Include="ADigest_MD5.hpp">
      <Filter>Header Files</Filter>
    </ClInclude>
    <ClInclude Include="ADigest_SHA1.hpp">
      <Filter>Header Files</Filter>
    </ClInclude>
    <ClInclude Include="ADigestInterface.hpp">
      <Filter>Header Files</Filter>
    </ClInclude>
    <ClInclude Include="ADynamicLibrary.hpp">
      <Filter>Header Files</Filter>
    </ClInclude>
    <ClInclude Include="AEmittable.hpp">
      <Filter>Header Files</Filter>
    </ClInclude>
    <ClInclude Include="AEventVisitor.hpp">
      <Filter>Header Files</Filter>
    </ClInclude>
    <ClInclude Include="AException.hpp">
      <Filter>Header Files</Filter>
    </ClInclude>
    <ClInclude Include="AFile.hpp">
      <Filter>Header Files</Filter>
    </ClInclude>
    <ClInclude Include="AFile_AString.hpp">
      <Filter>Header Files</Filter>
    </ClInclude>
    <ClInclude Include="AFile_IOStream.hpp">
      <Filter>Header Files</Filter>
    </ClInclude>
    <ClInclude Include="AFilename.hpp">
      <Filter>Header Files</Filter>
    </ClInclude>
    <ClInclude Include="AFileRandomAccess.hpp">
      <Filter>Header Files</Filter>
    </ClInclude>
    <ClInclude Include="AFragmentConstant.hpp">
      <Filter>Header Files</Filter>
    </ClInclude>
    <ClInclude Include="AFragmentCounter.hpp">
      <Filter>Header Files</Filter>
    </ClInclude>
    <ClInclude Include="AFragmentInterface.hpp">
      <Filter>Header Files</Filter>
    </ClInclude>
    <ClInclude Include="AFragmentOdometer.hpp">
      <Filter>Header Files</Filter>
    </ClInclude>
    <ClInclude Include="AFragmentSet.hpp">
      <Filter>Header Files</Filter>
    </ClInclude>
    <ClInclude Include="AFragmentString.hpp">
      <Filter>Header Files</Filter>
    </ClInclude>
    <ClInclude Include="AHTTPHeader.hpp">
      <Filter>Header Files</Filter>
    </ClInclude>
    <ClInclude Include="AHTTPRequestHeader.hpp">
      <Filter>Header Files</Filter>
    </ClInclude>
    <ClInclude Include="AHTTPResponseHeader.hpp">
      <Filter>Header Files</Filter>
    </ClInclude>
    <ClInclude Include="AJsonEmittable.hpp">
      <Filter>Header Files</Filter>
    </ClInclude>
    <ClInclude Include="ALock.hpp">
      <Filter>Header Files</Filter>
    </ClInclude>
    <ClInclude Include="ALog.hpp">
      <Filter>Header Files</Filter>
    </ClInclude>
    <ClInclude Include="AMovingAverage.hpp">
      <Filter>Header Files</Filter>
    </ClInclude>
    <ClInclude Include="ANamePointerPair.hpp">
      <Filter>Header Files</Filter>
    </ClInclude>
    <ClInclude Include="ANameValuePair.hpp">
      <Filter>Header Files</Filter>
    </ClInclude>
    <ClInclude Include="ansiHelpers.hpp">
      <Filter>Header Files</Filter>
    </ClInclude>
    <ClInclude Include="ANumber.hpp">
      <Filter>Header Files</Filter>
    </ClInclude>
    <ClInclude Include="AOutputBuffer.hpp">
      <Filter>Header Files</Filter>
    </ClInclude>
    <ClInclude Include="AParsable.hpp">
      <Filter>Header Files</Filter>
    </ClInclude>
    <ClInclude Include="apiABase.hpp">
      <Filter>Header Files</Filter>
    </ClInclude>
    <ClInclude Include="AQueryString.hpp">
      <Filter>Header Files</Filter>
    </ClInclude>
    <ClInclude Include="ARandomAccessBuffer.hpp">
      <Filter>Header Files</Filter>
    </ClInclude>
    <ClInclude Include="ARandomNumberGenerator.hpp">
      <Filter>Header Files</Filter>
    </ClInclude>
    <ClInclude Include="AResultSet.hpp">
      <Filter>Header Files</Filter>
    </ClInclude>
    <ClInclude Include="ARng_Lecuyer.hpp">
      <Filter>Header Files</Filter>
    </ClInclude>
    <ClInclude Include="ARng_Marsaglia.hpp">
      <Filter>Header Files</Filter>
    </ClInclude>
    <ClInclude Include="ARng_Uniform.hpp">
      <Filter>Header Files</Filter>
    </ClInclude>
    <ClInclude Include="ARope.hpp">
      <Filter>Header Files</Filter>
    </ClInclude>
    <ClInclude Include="ARopeDeque.hpp">
      <Filter>Header Files</Filter>
    </ClInclude>
    <ClInclude Include="ASerializable.hpp">
      <Filter>Header Files</Filter>
    </ClInclude>
    <ClInclude Include="AString.hpp">
      <Filter>Header Files</Filter>
    </ClInclude>
    <ClInclude Include="AStringHashMap.hpp">
      <Filter>Header Files</Filter>
    </ClInclude>
    <ClInclude Include="ASynchronization.hpp">
      <Filter>Header Files</Filter>
    </ClInclude>
    <ClInclude Include="ATemplate.hpp">
      <Filter>Header Files</Filter>
    </ClInclude>
    <ClInclude Include="ATemplateContext.hpp">
      <Filter>Header Files</Filter>
    </ClInclude>
    <ClInclude Include="ATemplateNode.hpp">
      <Filter>Header Files</Filter>
    </ClInclude>
    <ClInclude Include="ATemplateNodeHandler.hpp">
      <Filter>Header Files</Filter>
    </ClInclude>
    <ClInclude Include="ATemplateNodeHandler_MODEL.hpp">
      <Filter>Header Files</Filter>
    </ClInclude>
    <ClInclude Include="ATemplateNodeHandler_OBJECT.hpp">
      <Filter>Header Files</Filter>
    </ClInclude>
    <ClInclude Include="ATextConverter.hpp">
      <Filter>Header Files</Filter>
    </ClInclude>
    <ClInclude Include="ATextGenerator.hpp">
      <Filter>Header Files</Filter>
    </ClInclude>
    <ClInclude Include="ATextOdometer.hpp">
      <Filter>Header Files</Filter>
    </ClInclude>
    <ClInclude Include="ATime.hpp">
      <Filter>Header Files</Filter>
    </ClInclude>
    <ClInclude Include="ATimer.hpp">
      <Filter>Header Files</Filter>
    </ClInclude>
    <ClInclude Include="AUrl.hpp">
      <Filter>Header Files</Filter>
    </ClInclude>
    <ClInclude Include="AWordUtility.hpp">
      <Filter>Header Files</Filter>
    </ClInclude>
    <ClInclude Include="AXmlAttributes.hpp">
      <Filter>Header Files</Filter>
    </ClInclude>
    <ClInclude Include="AXmlData.hpp">
      <Filter>Header Files</Filter>
    </ClInclude>
    <ClInclude Include="AXmlDocument.hpp">
      <Filter>Header Files</Filter>
    </ClInclude>
    <ClInclude Include="AXmlElement.hpp">
      <Filter>Header Files</Filter>
    </ClInclude>
    <ClInclude Include="AXmlEmittable.hpp">
      <Filter>Header Files</Filter>
    </ClInclude>
    <ClInclude Include="AXmlInstruction.hpp">
      <Filter>Header Files</Filter>
    </ClInclude>
    <ClInclude Include="AXmlParsable.hpp">
      <Filter>Header Files</Filter>
    </ClInclude>
    <ClInclude Include="debugFileTracer.hpp">
      <Filter>Header Files</Filter>
    </ClInclude>
    <ClInclude Include="extABase.hpp">
      <Filter>Header Files</Filter>
    </ClInclude>
    <ClInclude Include="macroDelete.hpp">
      <Filter>Header Files</Filter>
    </ClInclude>
    <ClInclude Include="osDefines.hpp">
      <Filter>Header Files</Filter>
    </ClInclude>
    <ClInclude Include="pchABase.hpp">
      <Filter>Header Files</Filter>
    </ClInclude>
    <ClInclude Include="templateAArrayCanvas.hpp">
      <Filter>Header Files</Filter>
    </ClInclude>
    <ClInclude Include="templateAutoPtr.hpp">
      <Filter>Header Files</Filter>
    </ClInclude>
    <ClInclude Include="templateListOfPtrs.hpp">
      <Filter>Header Files</Filter>
    </ClInclude>
    <ClInclude Include="templateMapOfPtrs.hpp">
      <Filter>Header Files</Filter>
    </ClInclude>
    <ClInclude Include="templateSingletonPattern.hpp">
      <Filter>Header Files</Filter>
    </ClInclude>
    <ClInclude Include="templatesRange.hpp">
      <Filter>Header Files</Filter>
    </ClInclude>
    <ClInclude Include="templateVectorOfPtrs.hpp">
      <Filter>Header Files</Filter>
    </ClInclude>
    <ClInclude Include="uTypes.hpp">
      <Filter>Header Files</Filter>
    </ClInclude>
  </ItemGroup>
  <ItemGroup>
    <None Include="..\autoexp.dat.append" />
  </ItemGroup>
  <ItemGroup>
    <CustomBuild Include="..\usertype.dat" />
  </ItemGroup>
</Project>