Microsoft Visual Studio Solution File, Format Version 11.00
# Visual Studio 2010
Project("{8BC9CEB8-8B4A-11D0-8D11-00A0C91BC942}") = "ABase", "ABase\ABase.vcxproj", "{1AEE01DF-B02A-4B19-8A4D-256157FE0320}"
EndProject
Project("{8BC9CEB8-8B4A-11D0-8D11-00A0C91BC942}") = "Console", "Console\Console.vcxproj", "{F438D5AA-6868-4BC8-9972-252AD0D09524}"
EndProject
Project("{8BC9CEB8-8B4A-11D0-8D11-00A0C91BC942}") = "Lab", "Lab\Lab.vcxproj", "{CB33DB32-6F46-4284-A18E-992E55211B2A}"
EndProject
Project("{8BC9CEB8-8B4A-11D0-8D11-00A0C91BC942}") = "UnitTests", "UnitTests\UnitTests.vcxproj", "{C52D1DD3-8B8C-4D34-8BE2-3102F67693CC}"
EndProject
Global
	GlobalSection(SolutionConfigurationPlatforms) = preSolution
		Debug|Win32 = Debug|Win32
		Debug|x64 = Debug|x64
		Release|Win32 = Release|Win32
		Release|x64 = Release|x64
	EndGlobalSection
	GlobalSection(ProjectConfigurationPlatforms) = postSolution
		{1AEE01DF-B02A-4B19-8A4D-256157FE0320}.Debug|Win32.ActiveCfg = Debug|Win32
		{1AEE01DF-B02A-4B19-8A4D-256157FE0320}.Debug|Win32.Build.0 = Debug|Win32
		{1AEE01DF-B02A-4B19-8A4D-256157FE0320}.Debug|x64.ActiveCfg = Debug|x64
		{1AEE01DF-B02A-4B19-8A4D-256157FE0320}.Debug|x64.Build.0 = Debug|x64
		{1AEE01DF-B02A-4B19-8A4D-256157FE0320}.Release|Win32.ActiveCfg = Release|Win32
		{1AEE01DF-B02A-4B19-8A4D-256157FE0320}.Release|Win32.Build.0 = Release|Win32
		{1AEE01DF-B02A-4B19-8A4D-256157FE0320}.Release|x64.ActiveCfg = Release|x64
		{1AEE01DF-B02A-4B19-8A4D-256157FE0320}.Release|x64.Build.0 = Release|x64
		{F438D5AA-6868-4BC8-9972-252AD0D09524}.Debug|Win32.ActiveCfg = Debug|Win32
		{F438D5AA-6868-4BC8-9972-252AD0D09524}.Debug|Win32.Build.0 = Debug|Win32
		{F438D5AA-6868-4BC8-9972-252AD0D09524}.Debug|x64.ActiveCfg = Debug|x64
		{F438D5AA-6868-4BC8-9972-252AD0D09524}.Debug|x64.Build.0 = Debug|x64
		{F438D5AA-6868-4BC8-9972-252AD0D09524}.Release|Win32.ActiveCfg = Release|Win32
		{F438D5AA-6868-4BC8-9972-252AD0D09524}.Release|Win32.Build.0 = Release|Win32
		{F438D5AA-6868-4BC8-9972-252AD0D09524}.Release|x64.ActiveCfg = Release|x64
		{F438D5AA-6868-4BC8-9972-252AD0D09524}.Release|x64.Build.0 = Release|x64
		{CB33DB32-6F46-4284-A18E-992E55211B2A}.Debug|Win32.ActiveCfg = Debug|Win32
		{CB33DB32-6F46-4284-A18E-992E55211B2A}.Debug|Win32.Build.0 = Debug|Win32
		{CB33DB32-6F46-4284-A18E-992E55211B2A}.Debug|x64.ActiveCfg = Debug|x64
		{CB33DB32-6F46-4284-A18E-992E55211B2A}.Debug|x64.Build.0 = Debug|x64
		{CB33DB32-6F46-4284-A18E-992E55211B2A}.Release|Win32.ActiveCfg = Release|Win32
		{CB33DB32-6F46-4284-A18E-992E55211B2A}.Release|Win32.Build.0 = Release|Win32
		{CB33DB32-6F46-4284-A18E-992E55211B2A}.Release|x64.ActiveCfg = Release|x64
		{CB33DB32-6F46-4284-A18E-992E55211B2A}.Release|x64.Build.0 = Release|x64
		{C52D1DD3-8B8C-4D34-8BE2-3102F67693CC}.Debug|Win32.ActiveCfg = Debug|Win32
		{C52D1DD3-8B8C-4D34-8BE2-3102F67693CC}.Debug|Win32.Build.0 = Debug|Win32
		{C52D1DD3-8B8C-4D34-8BE2-3102F67693CC}.Debug|x64.ActiveCfg = Debug|x64
		{C52D1DD3-8B8C-4D34-8BE2-3102F67693CC}.Debug|x64.Build.0 = Debug|x64
		{C52D1DD3-8B8C-4D34-8BE2-3102F67693CC}.Release|Win32.ActiveCfg = Release|Win32
		{C52D1DD3-8B8C-4D34-8BE2-3102F67693CC}.Release|Win32.Build.0 = Release|Win32
		{C52D1DD3-8B8C-4D34-8BE2-3102F67693CC}.Release|x64.ActiveCfg = Release|x64
		{C52D1DD3-8B8C-4D34-8BE2-3102F67693CC}.Release|x64.Build.0 = Release|x64
	EndGlobalSection
	GlobalSection(SolutionProperties) = preSolution
		HideSolutionNode = FALSE
	EndGlobalSection
EndGlobal
